// !$*UTF8*$!
{
	archiveVersion = 1;
	classes = {
	};
	objectVersion = 46;
	objects = {

/* Begin PBXBuildFile section */
		7BFDC7501B2956F80053C4A2 /* main.m in Sources */ = {isa = PBXBuildFile; fileRef = 7BFDC74F1B2956F80053C4A2 /* main.m */; };
		7BFDC7531B2956F80053C4A2 /* AppDelegate.m in Sources */ = {isa = PBXBuildFile; fileRef = 7BFDC7521B2956F80053C4A2 /* AppDelegate.m */; };
		7BFDC7561B2956F80053C4A2 /* ViewController.m in Sources */ = {isa = PBXBuildFile; fileRef = 7BFDC7551B2956F80053C4A2 /* ViewController.m */; };
		7BFDC7591B2956F80053C4A2 /* Main.storyboard in Resources */ = {isa = PBXBuildFile; fileRef = 7BFDC7571B2956F80053C4A2 /* Main.storyboard */; };
		7BFDC75B1B2956F80053C4A2 /* Images.xcassets in Resources */ = {isa = PBXBuildFile; fileRef = 7BFDC75A1B2956F80053C4A2 /* Images.xcassets */; };
		7BFDC75E1B2956F80053C4A2 /* LaunchScreen.xib in Resources */ = {isa = PBXBuildFile; fileRef = 7BFDC75C1B2956F80053C4A2 /* LaunchScreen.xib */; };
		7BFDC76A1B2956F80053C4A2 /* Effective_Objective_C_2_0_Item_50Tests.m in Sources */ = {isa = PBXBuildFile; fileRef = 7BFDC7691B2956F80053C4A2 /* Effective_Objective_C_2_0_Item_50Tests.m */; };
		7BFDC77B1B2957CB0053C4A2 /* EOCClass.m in Sources */ = {isa = PBXBuildFile; fileRef = 7BFDC77A1B2957CB0053C4A2 /* EOCClass.m */; };
/* End PBXBuildFile section */

/* Begin PBXContainerItemProxy section */
		7BFDC7641B2956F80053C4A2 /* PBXContainerItemProxy */ = {
			isa = PBXContainerItemProxy;
			containerPortal = 7BFDC7421B2956F80053C4A2 /* Project object */;
			proxyType = 1;
			remoteGlobalIDString = 7BFDC7491B2956F80053C4A2;
			remoteInfo = "Effective-Objective-C-2.0-Item 50";
		};
/* End PBXContainerItemProxy section */

/* Begin PBXFileReference section */
		7BFDC74A1B2956F80053C4A2 /* Effective-Objective-C-2.0-Item 50.app */ = {isa = PBXFileReference; explicitFileType = wrapper.application; includeInIndex = 0; path = "Effective-Objective-C-2.0-Item 50.app"; sourceTree = BUILT_PRODUCTS_DIR; };
		7BFDC74E1B2956F80053C4A2 /* Info.plist */ = {isa = PBXFileReference; lastKnownFileType = text.plist.xml; path = Info.plist; sourceTree = "<group>"; };
		7BFDC74F1B2956F80053C4A2 /* main.m */ = {isa = PBXFileReference; lastKnownFileType = sourcecode.c.objc; path = main.m; sourceTree = "<group>"; };
		7BFDC7511B2956F80053C4A2 /* AppDelegate.h */ = {isa = PBXFileReference; lastKnownFileType = sourcecode.c.h; path = AppDelegate.h; sourceTree = "<group>"; };
		7BFDC7521B2956F80053C4A2 /* AppDelegate.m */ = {isa = PBXFileReference; lastKnownFileType = sourcecode.c.objc; path = AppDelegate.m; sourceTree = "<group>"; };
		7BFDC7541B2956F80053C4A2 /* ViewController.h */ = {isa = PBXFileReference; lastKnownFileType = sourcecode.c.h; path = ViewController.h; sourceTree = "<group>"; };
		7BFDC7551B2956F80053C4A2 /* ViewController.m */ = {isa = PBXFileReference; lastKnownFileType = sourcecode.c.objc; path = ViewController.m; sourceTree = "<group>"; };
		7BFDC7581B2956F80053C4A2 /* Base */ = {isa = PBXFileReference; lastKnownFileType = file.storyboard; name = Base; path = Base.lproj/Main.storyboard; sourceTree = "<group>"; };
		7BFDC75A1B2956F80053C4A2 /* Images.xcassets */ = {isa = PBXFileReference; lastKnownFileType = folder.assetcatalog; path = Images.xcassets; sourceTree = "<group>"; };
		7BFDC75D1B2956F80053C4A2 /* Base */ = {isa = PBXFileReference; lastKnownFileType = file.xib; name = Base; path = Base.lproj/LaunchScreen.xib; sourceTree = "<group>"; };
		7BFDC7631B2956F80053C4A2 /* Effective-Objective-C-2.0-Item 50Tests.xctest */ = {isa = PBXFileReference; explicitFileType = wrapper.cfbundle; includeInIndex = 0; path = "Effective-Objective-C-2.0-Item 50Tests.xctest"; sourceTree = BUILT_PRODUCTS_DIR; };
		7BFDC7681B2956F80053C4A2 /* Info.plist */ = {isa = PBXFileReference; lastKnownFileType = text.plist.xml; path = Info.plist; sourceTree = "<group>"; };
		7BFDC7691B2956F80053C4A2 /* Effective_Objective_C_2_0_Item_50Tests.m */ = {isa = PBXFileReference; lastKnownFileType = sourcecode.c.objc; path = Effective_Objective_C_2_0_Item_50Tests.m; sourceTree = "<group>"; };
		7BFDC7791B2957CB0053C4A2 /* EOCClass.h */ = {isa = PBXFileReference; fileEncoding = 4; lastKnownFileType = sourcecode.c.h; path = EOCClass.h; sourceTree = "<group>"; };
		7BFDC77A1B2957CB0053C4A2 /* EOCClass.m */ = {isa = PBXFileReference; fileEncoding = 4; lastKnownFileType = sourcecode.c.objc; path = EOCClass.m; sourceTree = "<group>"; };
/* End PBXFileReference section */

/* Begin PBXFrameworksBuildPhase section */
		7BFDC7471B2956F80053C4A2 /* Frameworks */ = {
			isa = PBXFrameworksBuildPhase;
			buildActionMask = 2147483647;
			files = (
			);
			runOnlyForDeploymentPostprocessing = 0;
		};
		7BFDC7601B2956F80053C4A2 /* Frameworks */ = {
			isa = PBXFrameworksBuildPhase;
			buildActionMask = 2147483647;
			files = (
			);
			runOnlyForDeploymentPostprocessing = 0;
		};
/* End PBXFrameworksBuildPhase section */

/* Begin PBXGroup section */
		7BFDC7411B2956F80053C4A2 = {
			isa = PBXGroup;
			children = (
				7BFDC74C1B2956F80053C4A2 /* Effective-Objective-C-2.0-Item 50 */,
				7BFDC7661B2956F80053C4A2 /* Effective-Objective-C-2.0-Item 50Tests */,
				7BFDC74B1B2956F80053C4A2 /* Products */,
			);
			sourceTree = "<group>";
		};
		7BFDC74B1B2956F80053C4A2 /* Products */ = {
			isa = PBXGroup;
			children = (
				7BFDC74A1B2956F80053C4A2 /* Effective-Objective-C-2.0-Item 50.app */,
				7BFDC7631B2956F80053C4A2 /* Effective-Objective-C-2.0-Item 50Tests.xctest */,
			);
			name = Products;
			sourceTree = "<group>";
		};
		7BFDC74C1B2956F80053C4A2 /* Effective-Objective-C-2.0-Item 50 */ = {
			isa = PBXGroup;
			children = (
				7BFDC7791B2957CB0053C4A2 /* EOCClass.h */,
				7BFDC77A1B2957CB0053C4A2 /* EOCClass.m */,
				7BFDC7511B2956F80053C4A2 /* AppDelegate.h */,
				7BFDC7521B2956F80053C4A2 /* AppDelegate.m */,
				7BFDC7541B2956F80053C4A2 /* ViewController.h */,
				7BFDC7551B2956F80053C4A2 /* ViewController.m */,
				7BFDC7571B2956F80053C4A2 /* Main.storyboard */,
				7BFDC75A1B2956F80053C4A2 /* Images.xcassets */,
				7BFDC75C1B2956F80053C4A2 /* LaunchScreen.xib */,
				7BFDC74D1B2956F80053C4A2 /* Supporting Files */,
			);
			path = "Effective-Objective-C-2.0-Item 50";
			sourceTree = "<group>";
		};
		7BFDC74D1B2956F80053C4A2 /* Supporting Files */ = {
			isa = PBXGroup;
			children = (
				7BFDC74E1B2956F80053C4A2 /* Info.plist */,
				7BFDC74F1B2956F80053C4A2 /* main.m */,
			);
			name = "Supporting Files";
			sourceTree = "<group>";
		};
		7BFDC7661B2956F80053C4A2 /* Effective-Objective-C-2.0-Item 50Tests */ = {
			isa = PBXGroup;
			children = (
				7BFDC7691B2956F80053C4A2 /* Effective_Objective_C_2_0_Item_50Tests.m */,
				7BFDC7671B2956F80053C4A2 /* Supporting Files */,
			);
			path = "Effective-Objective-C-2.0-Item 50Tests";
			sourceTree = "<group>";
		};
		7BFDC7671B2956F80053C4A2 /* Supporting Files */ = {
			isa = PBXGroup;
			children = (
				7BFDC7681B2956F80053C4A2 /* Info.plist */,
			);
			name = "Supporting Files";
			sourceTree = "<group>";
		};
/* End PBXGroup section */

/* Begin PBXNativeTarget section */
		7BFDC7491B2956F80053C4A2 /* Effective-Objective-C-2.0-Item 50 */ = {
			isa = PBXNativeTarget;
			buildConfigurationList = 7BFDC76D1B2956F80053C4A2 /* Build configuration list for PBXNativeTarget "Effective-Objective-C-2.0-Item 50" */;
			buildPhases = (
				7BFDC7461B2956F80053C4A2 /* Sources */,
				7BFDC7471B2956F80053C4A2 /* Frameworks */,
				7BFDC7481B2956F80053C4A2 /* Resources */,
			);
			buildRules = (
			);
			dependencies = (
			);
			name = "Effective-Objective-C-2.0-Item 50";
			productName = "Effective-Objective-C-2.0-Item 50";
			productReference = 7BFDC74A1B2956F80053C4A2 /* Effective-Objective-C-2.0-Item 50.app */;
			productType = "com.apple.product-type.application";
		};
		7BFDC7621B2956F80053C4A2 /* Effective-Objective-C-2.0-Item 50Tests */ = {
			isa = PBXNativeTarget;
			buildConfigurationList = 7BFDC7701B2956F80053C4A2 /* Build configuration list for PBXNativeTarget "Effective-Objective-C-2.0-Item 50Tests" */;
			buildPhases = (
				7BFDC75F1B2956F80053C4A2 /* Sources */,
				7BFDC7601B2956F80053C4A2 /* Frameworks */,
				7BFDC7611B2956F80053C4A2 /* Resources */,
			);
			buildRules = (
			);
			dependencies = (
				7BFDC7651B2956F80053C4A2 /* PBXTargetDependency */,
			);
			name = "Effective-Objective-C-2.0-Item 50Tests";
			productName = "Effective-Objective-C-2.0-Item 50Tests";
			productReference = 7BFDC7631B2956F80053C4A2 /* Effective-Objective-C-2.0-Item 50Tests.xctest */;
			productType = "com.apple.product-type.bundle.unit-test";
		};
/* End PBXNativeTarget section */

/* Begin PBXProject section */
		7BFDC7421B2956F80053C4A2 /* Project object */ = {
			isa = PBXProject;
			attributes = {
				LastUpgradeCheck = 0630;
				ORGANIZATIONNAME = "黄成都";
				TargetAttributes = {
					7BFDC7491B2956F80053C4A2 = {
						CreatedOnToolsVersion = 6.3;
					};
					7BFDC7621B2956F80053C4A2 = {
						CreatedOnToolsVersion = 6.3;
						TestTargetID = 7BFDC7491B2956F80053C4A2;
					};
				};
			};
			buildConfigurationList = 7BFDC7451B2956F80053C4A2 /* Build configuration list for PBXProject "Effective-Objective-C-2.0-Item 50" */;
			compatibilityVersion = "Xcode 3.2";
			developmentRegion = English;
			hasScannedForEncodings = 0;
			knownRegions = (
				en,
				Base,
			);
			mainGroup = 7BFDC7411B2956F80053C4A2;
			productRefGroup = 7BFDC74B1B2956F80053C4A2 /* Products */;
			projectDirPath = "";
			projectRoot = "";
			targets = (
				7BFDC7491B2956F80053C4A2 /* Effective-Objective-C-2.0-Item 50 */,
				7BFDC7621B2956F80053C4A2 /* Effective-Objective-C-2.0-Item 50Tests */,
			);
		};
/* End PBXProject section */

/* Begin PBXResourcesBuildPhase section */
		7BFDC7481B2956F80053C4A2 /* Resources */ = {
			isa = PBXResourcesBuildPhase;
			buildActionMask = 2147483647;
			files = (
				7BFDC7591B2956F80053C4A2 /* Main.storyboard in Resources */,
				7BFDC75E1B2956F80053C4A2 /* LaunchScreen.xib in Resources */,
				7BFDC75B1B2956F80053C4A2 /* Images.xcassets in Resources */,
			);
			runOnlyForDeploymentPostprocessing = 0;
		};
		7BFDC7611B2956F80053C4A2 /* Resources */ = {
			isa = PBXResourcesBuildPhase;
			buildActionMask = 2147483647;
			files = (
			);
			runOnlyForDeploymentPostprocessing = 0;
		};
/* End PBXResourcesBuildPhase section */

/* Begin PBXSourcesBuildPhase section */
		7BFDC7461B2956F80053C4A2 /* Sources */ = {
			isa = PBXSourcesBuildPhase;
			buildActionMask = 2147483647;
			files = (
				7BFDC7561B2956F80053C4A2 /* ViewController.m in Sources */,
				7BFDC7531B2956F80053C4A2 /* AppDelegate.m in Sources */,
				7BFDC77B1B2957CB0053C4A2 /* EOCClass.m in Sources */,
				7BFDC7501B2956F80053C4A2 /* main.m in Sources */,
			);
			runOnlyForDeploymentPostprocessing = 0;
		};
		7BFDC75F1B2956F80053C4A2 /* Sources */ = {
			isa = PBXSourcesBuildPhase;
			buildActionMask = 2147483647;
			files = (
				7BFDC76A1B2956F80053C4A2 /* Effective_Objective_C_2_0_Item_50Tests.m in Sources */,
			);
			runOnlyForDeploymentPostprocessing = 0;
		};
/* End PBXSourcesBuildPhase section */

/* Begin PBXTargetDependency section */
		7BFDC7651B2956F80053C4A2 /* PBXTargetDependency */ = {
			isa = PBXTargetDependency;
			target = 7BFDC7491B2956F80053C4A2 /* Effective-Objective-C-2.0-Item 50 */;
			targetProxy = 7BFDC7641B2956F80053C4A2 /* PBXContainerItemProxy */;
		};
/* End PBXTargetDependency section */

/* Begin PBXVariantGroup section */
		7BFDC7571B2956F80053C4A2 /* Main.storyboard */ = {
			isa = PBXVariantGroup;
			children = (
				7BFDC7581B2956F80053C4A2 /* Base */,
			);
			name = Main.storyboard;
			sourceTree = "<group>";
		};
		7BFDC75C1B2956F80053C4A2 /* LaunchScreen.xib */ = {
			isa = PBXVariantGroup;
			children = (
				7BFDC75D1B2956F80053C4A2 /* Base */,
			);
			name = LaunchScreen.xib;
			sourceTree = "<group>";
		};
/* End PBXVariantGroup section */

/* Begin XCBuildConfiguration section */
		7BFDC76B1B2956F80053C4A2 /* Debug */ = {
			isa = XCBuildConfiguration;
			buildSettings = {
				ALWAYS_SEARCH_USER_PATHS = NO;
				CLANG_CXX_LANGUAGE_STANDARD = "gnu++0x";
				CLANG_CXX_LIBRARY = "libc++";
				CLANG_ENABLE_MODULES = YES;
				CLANG_ENABLE_OBJC_ARC = YES;
				CLANG_WARN_BOOL_CONVERSION = YES;
				CLANG_WARN_CONSTANT_CONVERSION = YES;
				CLANG_WARN_DIRECT_OBJC_ISA_USAGE = YES_ERROR;
				CLANG_WARN_EMPTY_BODY = YES;
				CLANG_WARN_ENUM_CONVERSION = YES;
				CLANG_WARN_INT_CONVERSION = YES;
				CLANG_WARN_OBJC_ROOT_CLASS = YES_ERROR;
				CLANG_WARN_UNREACHABLE_CODE = YES;
				CLANG_WARN__DUPLICATE_METHOD_MATCH = YES;
				"CODE_SIGN_IDENTITY[sdk=iphoneos*]" = "iPhone Developer";
				COPY_PHASE_STRIP = NO;
				DEBUG_INFORMATION_FORMAT = "dwarf-with-dsym";
				ENABLE_STRICT_OBJC_MSGSEND = YES;
				GCC_C_LANGUAGE_STANDARD = gnu99;
				GCC_DYNAMIC_NO_PIC = NO;
				GCC_NO_COMMON_BLOCKS = YES;
				GCC_OPTIMIZATION_LEVEL = 0;
				GCC_PREPROCESSOR_DEFINITIONS = (
					"DEBUG=1",
					"$(inherited)",
				);
				GCC_SYMBOLS_PRIVATE_EXTERN = NO;
				GCC_WARN_64_TO_32_BIT_CONVERSION = YES;
				GCC_WARN_ABOUT_RETURN_TYPE = YES_ERROR;
				GCC_WARN_UNDECLARED_SELECTOR = YES;
				GCC_WARN_UNINITIALIZED_AUTOS = YES_AGGRESSIVE;
				GCC_WARN_UNUSED_FUNCTION = YES;
				GCC_WARN_UNUSED_VARIABLE = YES;
				IPHONEOS_DEPLOYMENT_TARGET = 8.3;
				MTL_ENABLE_DEBUG_INFO = YES;
				ONLY_ACTIVE_ARCH = YES;
				SDKROOT = iphoneos;
			};
			name = Debug;
		};
		7BFDC76C1B2956F80053C4A2 /* Release */ = {
			isa = XCBuildConfiguration;
			buildSettings = {
				ALWAYS_SEARCH_USER_PATHS = NO;
				CLANG_CXX_LANGUAGE_STANDARD = "gnu++0x";
				CLANG_CXX_LIBRARY = "libc++";
				CLANG_ENABLE_MODULES = YES;
				CLANG_ENABLE_OBJC_ARC = YES;
				CLANG_WARN_BOOL_CONVERSION = YES;
				CLANG_WARN_CONSTANT_CONVERSION = YES;
				CLANG_WARN_DIRECT_OBJC_ISA_USAGE = YES_ERROR;
				CLANG_WARN_EMPTY_BODY = YES;
				CLANG_WARN_ENUM_CONVERSION = YES;
				CLANG_WARN_INT_CONVERSION = YES;
				CLANG_WARN_OBJC_ROOT_CLASS = YES_ERROR;
				CLANG_WARN_UNREACHABLE_CODE = YES;
				CLANG_WARN__DUPLICATE_METHOD_MATCH = YES;
				"CODE_SIGN_IDENTITY[sdk=iphoneos*]" = "iPhone Developer";
				COPY_PHASE_STRIP = NO;
				DEBUG_INFORMATION_FORMAT = "dwarf-with-dsym";
				ENABLE_NS_ASSERTIONS = NO;
				ENABLE_STRICT_OBJC_MSGSEND = YES;
				GCC_C_LANGUAGE_STANDARD = gnu99;
				GCC_NO_COMMON_BLOCKS = YES;
				GCC_WARN_64_TO_32_BIT_CONVERSION = YES;
				GCC_WARN_ABOUT_RETURN_TYPE = YES_ERROR;
				GCC_WARN_UNDECLARED_SELECTOR = YES;
				GCC_WARN_UNINITIALIZED_AUTOS = YES_AGGRESSIVE;
				GCC_WARN_UNUSED_FUNCTION = YES;
				GCC_WARN_UNUSED_VARIABLE = YES;
				IPHONEOS_DEPLOYMENT_TARGET = 8.3;
				MTL_ENABLE_DEBUG_INFO = NO;
				SDKROOT = iphoneos;
				VALIDATE_PRODUCT = YES;
			};
			name = Release;
		};
		7BFDC76E1B2956F80053C4A2 /* Debug */ = {
			isa = XCBuildConfiguration;
			buildSettings = {
				ASSETCATALOG_COMPILER_APPICON_NAME = AppIcon;
				INFOPLIST_FILE = "Effective-Objective-C-2.0-Item 50/Info.plist";
				LD_RUNPATH_SEARCH_PATHS = "$(inherited) @executable_path/Frameworks";
				PRODUCT_NAME = "$(TARGET_NAME)";
			};
			name = Debug;
		};
		7BFDC76F1B2956F80053C4A2 /* Release */ = {
			isa = XCBuildConfiguration;
			buildSettings = {
				ASSETCATALOG_COMPILER_APPICON_NAME = AppIcon;
				INFOPLIST_FILE = "Effective-Objective-C-2.0-Item 50/Info.plist";
				LD_RUNPATH_SEARCH_PATHS = "$(inherited) @executable_path/Frameworks";
				PRODUCT_NAME = "$(TARGET_NAME)";
			};
			name = Release;
		};
		7BFDC7711B2956F80053C4A2 /* Debug */ = {
			isa = XCBuildConfiguration;
			buildSettings = {
				BUNDLE_LOADER = "$(TEST_HOST)";
				FRAMEWORK_SEARCH_PATHS = (
					"$(SDKROOT)/Developer/Library/Frameworks",
					"$(inherited)",
				);
				GCC_PREPROCESSOR_DEFINITIONS = (
					"DEBUG=1",
					"$(inherited)",
				);
				INFOPLIST_FILE = "Effective-Objective-C-2.0-Item 50Tests/Info.plist";
				LD_RUNPATH_SEARCH_PATHS = "$(inherited) @executable_path/Frameworks @loader_path/Frameworks";
				PRODUCT_NAME = "$(TARGET_NAME)";
				TEST_HOST = "$(BUILT_PRODUCTS_DIR)/Effective-Objective-C-2.0-Item 50.app/Effective-Objective-C-2.0-Item 50";
			};
			name = Debug;
		};
		7BFDC7721B2956F80053C4A2 /* Release */ = {
			isa = XCBuildConfiguration;
			buildSettings = {
				BUNDLE_LOADER = "$(TEST_HOST)";
				FRAMEWORK_SEARCH_PATHS = (
					"$(SDKROOT)/Developer/Library/Frameworks",
					"$(inherited)",
				);
				INFOPLIST_FILE = "Effective-Objective-C-2.0-Item 50Tests/Info.plist";
				LD_RUNPATH_SEARCH_PATHS = "$(inherited) @executable_path/Frameworks @loader_path/Frameworks";
				PRODUCT_NAME = "$(TARGET_NAME)";
				TEST_HOST = "$(BUILT_PRODUCTS_DIR)/Effective-Objective-C-2.0-Item 50.app/Effective-Objective-C-2.0-Item 50";
			};
			name = Release;
		};
/* End XCBuildConfiguration section */

/* Begin XCConfigurationList section */
		7BFDC7451B2956F80053C4A2 /* Build configuration list for PBXProject "Effective-Objective-C-2.0-Item 50" */ = {
			isa = XCConfigurationList;
			buildConfigurations = (
				7BFDC76B1B2956F80053C4A2 /* Debug */,
				7BFDC76C1B2956F80053C4A2 /* Release */,
			);
			defaultConfigurationIsVisible = 0;
			defaultConfigurationName = Release;
		};
		7BFDC76D1B2956F80053C4A2 /* Build configuration list for PBXNativeTarget "Effective-Objective-C-2.0-Item 50" */ = {
			isa = XCConfigurationList;
			buildConfigurations = (
				7BFDC76E1B2956F80053C4A2 /* Debug */,
				7BFDC76F1B2956F80053C4A2 /* Release */,
			);
			defaultConfigurationIsVisible = 0;
		};
		7BFDC7701B2956F80053C4A2 /* Build configuration list for PBXNativeTarget "Effective-Objective-C-2.0-Item 50Tests" */ = {
			isa = XCConfigurationList;
			buildConfigurations = (
				7BFDC7711B2956F80053C4A2 /* Debug */,
				7BFDC7721B2956F80053C4A2 /* Release */,
			);
			defaultConfigurationIsVisible = 0;
		};
/* End XCConfigurationList section */
	};
	rootObject = 7BFDC7421B2956F80053C4A2 /* Project object */;
}
