// !$*UTF8*$!
{
	archiveVersion = 1;
	classes = {
	};
	objectVersion = 46;
	objects = {

/* Begin PBXBuildFile section */
		7B5DC3251B2526E80074716F /* main.m in Sources */ = {isa = PBXBuildFile; fileRef = 7B5DC3241B2526E80074716F /* main.m */; };
		7B5DC3281B2526E80074716F /* AppDelegate.m in Sources */ = {isa = PBXBuildFile; fileRef = 7B5DC3271B2526E80074716F /* AppDelegate.m */; };
		7B5DC32B1B2526E80074716F /* ViewController.m in Sources */ = {isa = PBXBuildFile; fileRef = 7B5DC32A1B2526E80074716F /* ViewController.m */; };
		7B5DC32E1B2526E80074716F /* Main.storyboard in Resources */ = {isa = PBXBuildFile; fileRef = 7B5DC32C1B2526E80074716F /* Main.storyboard */; };
		7B5DC3301B2526E80074716F /* Images.xcassets in Resources */ = {isa = PBXBuildFile; fileRef = 7B5DC32F1B2526E80074716F /* Images.xcassets */; };
		7B5DC3331B2526E80074716F /* LaunchScreen.xib in Resources */ = {isa = PBXBuildFile; fileRef = 7B5DC3311B2526E80074716F /* LaunchScreen.xib */; };
		7B5DC33F1B2526E80074716F /* Effective_Objective_C_2_0_Item_15Tests.m in Sources */ = {isa = PBXBuildFile; fileRef = 7B5DC33E1B2526E80074716F /* Effective_Objective_C_2_0_Item_15Tests.m */; };
		7B5DC34A1B2528850074716F /* EOCSoundPlayer.m in Sources */ = {isa = PBXBuildFile; fileRef = 7B5DC3491B2528850074716F /* EOCSoundPlayer.m */; };
/* End PBXBuildFile section */

/* Begin PBXContainerItemProxy section */
		7B5DC3391B2526E80074716F /* PBXContainerItemProxy */ = {
			isa = PBXContainerItemProxy;
			containerPortal = 7B5DC3171B2526E80074716F /* Project object */;
			proxyType = 1;
			remoteGlobalIDString = 7B5DC31E1B2526E80074716F;
			remoteInfo = "Effective-Objective-C-2.0-Item 15";
		};
/* End PBXContainerItemProxy section */

/* Begin PBXFileReference section */
		7B5DC31F1B2526E80074716F /* Effective-Objective-C-2.0-Item 15.app */ = {isa = PBXFileReference; explicitFileType = wrapper.application; includeInIndex = 0; path = "Effective-Objective-C-2.0-Item 15.app"; sourceTree = BUILT_PRODUCTS_DIR; };
		7B5DC3231B2526E80074716F /* Info.plist */ = {isa = PBXFileReference; lastKnownFileType = text.plist.xml; path = Info.plist; sourceTree = "<group>"; };
		7B5DC3241B2526E80074716F /* main.m */ = {isa = PBXFileReference; lastKnownFileType = sourcecode.c.objc; path = main.m; sourceTree = "<group>"; };
		7B5DC3261B2526E80074716F /* AppDelegate.h */ = {isa = PBXFileReference; lastKnownFileType = sourcecode.c.h; path = AppDelegate.h; sourceTree = "<group>"; };
		7B5DC3271B2526E80074716F /* AppDelegate.m */ = {isa = PBXFileReference; lastKnownFileType = sourcecode.c.objc; path = AppDelegate.m; sourceTree = "<group>"; };
		7B5DC3291B2526E80074716F /* ViewController.h */ = {isa = PBXFileReference; lastKnownFileType = sourcecode.c.h; path = ViewController.h; sourceTree = "<group>"; };
		7B5DC32A1B2526E80074716F /* ViewController.m */ = {isa = PBXFileReference; lastKnownFileType = sourcecode.c.objc; path = ViewController.m; sourceTree = "<group>"; };
		7B5DC32D1B2526E80074716F /* Base */ = {isa = PBXFileReference; lastKnownFileType = file.storyboard; name = Base; path = Base.lproj/Main.storyboard; sourceTree = "<group>"; };
		7B5DC32F1B2526E80074716F /* Images.xcassets */ = {isa = PBXFileReference; lastKnownFileType = folder.assetcatalog; path = Images.xcassets; sourceTree = "<group>"; };
		7B5DC3321B2526E80074716F /* Base */ = {isa = PBXFileReference; lastKnownFileType = file.xib; name = Base; path = Base.lproj/LaunchScreen.xib; sourceTree = "<group>"; };
		7B5DC3381B2526E80074716F /* Effective-Objective-C-2.0-Item 15Tests.xctest */ = {isa = PBXFileReference; explicitFileType = wrapper.cfbundle; includeInIndex = 0; path = "Effective-Objective-C-2.0-Item 15Tests.xctest"; sourceTree = BUILT_PRODUCTS_DIR; };
		7B5DC33D1B2526E80074716F /* Info.plist */ = {isa = PBXFileReference; lastKnownFileType = text.plist.xml; path = Info.plist; sourceTree = "<group>"; };
		7B5DC33E1B2526E80074716F /* Effective_Objective_C_2_0_Item_15Tests.m */ = {isa = PBXFileReference; lastKnownFileType = sourcecode.c.objc; path = Effective_Objective_C_2_0_Item_15Tests.m; sourceTree = "<group>"; };
		7B5DC3481B2528850074716F /* EOCSoundPlayer.h */ = {isa = PBXFileReference; fileEncoding = 4; lastKnownFileType = sourcecode.c.h; path = EOCSoundPlayer.h; sourceTree = "<group>"; };
		7B5DC3491B2528850074716F /* EOCSoundPlayer.m */ = {isa = PBXFileReference; fileEncoding = 4; lastKnownFileType = sourcecode.c.objc; path = EOCSoundPlayer.m; sourceTree = "<group>"; };
/* End PBXFileReference section */

/* Begin PBXFrameworksBuildPhase section */
		7B5DC31C1B2526E80074716F /* Frameworks */ = {
			isa = PBXFrameworksBuildPhase;
			buildActionMask = 2147483647;
			files = (
			);
			runOnlyForDeploymentPostprocessing = 0;
		};
		7B5DC3351B2526E80074716F /* Frameworks */ = {
			isa = PBXFrameworksBuildPhase;
			buildActionMask = 2147483647;
			files = (
			);
			runOnlyForDeploymentPostprocessing = 0;
		};
/* End PBXFrameworksBuildPhase section */

/* Begin PBXGroup section */
		7B5DC3161B2526E80074716F = {
			isa = PBXGroup;
			children = (
				7B5DC3211B2526E80074716F /* Effective-Objective-C-2.0-Item 15 */,
				7B5DC33B1B2526E80074716F /* Effective-Objective-C-2.0-Item 15Tests */,
				7B5DC3201B2526E80074716F /* Products */,
			);
			sourceTree = "<group>";
		};
		7B5DC3201B2526E80074716F /* Products */ = {
			isa = PBXGroup;
			children = (
				7B5DC31F1B2526E80074716F /* Effective-Objective-C-2.0-Item 15.app */,
				7B5DC3381B2526E80074716F /* Effective-Objective-C-2.0-Item 15Tests.xctest */,
			);
			name = Products;
			sourceTree = "<group>";
		};
		7B5DC3211B2526E80074716F /* Effective-Objective-C-2.0-Item 15 */ = {
			isa = PBXGroup;
			children = (
				7B5DC3261B2526E80074716F /* AppDelegate.h */,
				7B5DC3271B2526E80074716F /* AppDelegate.m */,
				7B5DC3291B2526E80074716F /* ViewController.h */,
				7B5DC32A1B2526E80074716F /* ViewController.m */,
				7B5DC32C1B2526E80074716F /* Main.storyboard */,
				7B5DC32F1B2526E80074716F /* Images.xcassets */,
				7B5DC3311B2526E80074716F /* LaunchScreen.xib */,
				7B5DC3221B2526E80074716F /* Supporting Files */,
				7B5DC3481B2528850074716F /* EOCSoundPlayer.h */,
				7B5DC3491B2528850074716F /* EOCSoundPlayer.m */,
			);
			path = "Effective-Objective-C-2.0-Item 15";
			sourceTree = "<group>";
		};
		7B5DC3221B2526E80074716F /* Supporting Files */ = {
			isa = PBXGroup;
			children = (
				7B5DC3231B2526E80074716F /* Info.plist */,
				7B5DC3241B2526E80074716F /* main.m */,
			);
			name = "Supporting Files";
			sourceTree = "<group>";
		};
		7B5DC33B1B2526E80074716F /* Effective-Objective-C-2.0-Item 15Tests */ = {
			isa = PBXGroup;
			children = (
				7B5DC33E1B2526E80074716F /* Effective_Objective_C_2_0_Item_15Tests.m */,
				7B5DC33C1B2526E80074716F /* Supporting Files */,
			);
			path = "Effective-Objective-C-2.0-Item 15Tests";
			sourceTree = "<group>";
		};
		7B5DC33C1B2526E80074716F /* Supporting Files */ = {
			isa = PBXGroup;
			children = (
				7B5DC33D1B2526E80074716F /* Info.plist */,
			);
			name = "Supporting Files";
			sourceTree = "<group>";
		};
/* End PBXGroup section */

/* Begin PBXNativeTarget section */
		7B5DC31E1B2526E80074716F /* Effective-Objective-C-2.0-Item 15 */ = {
			isa = PBXNativeTarget;
			buildConfigurationList = 7B5DC3421B2526E80074716F /* Build configuration list for PBXNativeTarget "Effective-Objective-C-2.0-Item 15" */;
			buildPhases = (
				7B5DC31B1B2526E80074716F /* Sources */,
				7B5DC31C1B2526E80074716F /* Frameworks */,
				7B5DC31D1B2526E80074716F /* Resources */,
			);
			buildRules = (
			);
			dependencies = (
			);
			name = "Effective-Objective-C-2.0-Item 15";
			productName = "Effective-Objective-C-2.0-Item 15";
			productReference = 7B5DC31F1B2526E80074716F /* Effective-Objective-C-2.0-Item 15.app */;
			productType = "com.apple.product-type.application";
		};
		7B5DC3371B2526E80074716F /* Effective-Objective-C-2.0-Item 15Tests */ = {
			isa = PBXNativeTarget;
			buildConfigurationList = 7B5DC3451B2526E80074716F /* Build configuration list for PBXNativeTarget "Effective-Objective-C-2.0-Item 15Tests" */;
			buildPhases = (
				7B5DC3341B2526E80074716F /* Sources */,
				7B5DC3351B2526E80074716F /* Frameworks */,
				7B5DC3361B2526E80074716F /* Resources */,
			);
			buildRules = (
			);
			dependencies = (
				7B5DC33A1B2526E80074716F /* PBXTargetDependency */,
			);
			name = "Effective-Objective-C-2.0-Item 15Tests";
			productName = "Effective-Objective-C-2.0-Item 15Tests";
			productReference = 7B5DC3381B2526E80074716F /* Effective-Objective-C-2.0-Item 15Tests.xctest */;
			productType = "com.apple.product-type.bundle.unit-test";
		};
/* End PBXNativeTarget section */

/* Begin PBXProject section */
		7B5DC3171B2526E80074716F /* Project object */ = {
			isa = PBXProject;
			attributes = {
				LastUpgradeCheck = 0630;
				ORGANIZATIONNAME = "黄成都";
				TargetAttributes = {
					7B5DC31E1B2526E80074716F = {
						CreatedOnToolsVersion = 6.3;
					};
					7B5DC3371B2526E80074716F = {
						CreatedOnToolsVersion = 6.3;
						TestTargetID = 7B5DC31E1B2526E80074716F;
					};
				};
			};
			buildConfigurationList = 7B5DC31A1B2526E80074716F /* Build configuration list for PBXProject "Effective-Objective-C-2.0-Item 15" */;
			compatibilityVersion = "Xcode 3.2";
			developmentRegion = English;
			hasScannedForEncodings = 0;
			knownRegions = (
				en,
				Base,
			);
			mainGroup = 7B5DC3161B2526E80074716F;
			productRefGroup = 7B5DC3201B2526E80074716F /* Products */;
			projectDirPath = "";
			projectRoot = "";
			targets = (
				7B5DC31E1B2526E80074716F /* Effective-Objective-C-2.0-Item 15 */,
				7B5DC3371B2526E80074716F /* Effective-Objective-C-2.0-Item 15Tests */,
			);
		};
/* End PBXProject section */

/* Begin PBXResourcesBuildPhase section */
		7B5DC31D1B2526E80074716F /* Resources */ = {
			isa = PBXResourcesBuildPhase;
			buildActionMask = 2147483647;
			files = (
				7B5DC32E1B2526E80074716F /* Main.storyboard in Resources */,
				7B5DC3331B2526E80074716F /* LaunchScreen.xib in Resources */,
				7B5DC3301B2526E80074716F /* Images.xcassets in Resources */,
			);
			runOnlyForDeploymentPostprocessing = 0;
		};
		7B5DC3361B2526E80074716F /* Resources */ = {
			isa = PBXResourcesBuildPhase;
			buildActionMask = 2147483647;
			files = (
			);
			runOnlyForDeploymentPostprocessing = 0;
		};
/* End PBXResourcesBuildPhase section */

/* Begin PBXSourcesBuildPhase section */
		7B5DC31B1B2526E80074716F /* Sources */ = {
			isa = PBXSourcesBuildPhase;
			buildActionMask = 2147483647;
			files = (
				7B5DC34A1B2528850074716F /* EOCSoundPlayer.m in Sources */,
				7B5DC32B1B2526E80074716F /* ViewController.m in Sources */,
				7B5DC3281B2526E80074716F /* AppDelegate.m in Sources */,
				7B5DC3251B2526E80074716F /* main.m in Sources */,
			);
			runOnlyForDeploymentPostprocessing = 0;
		};
		7B5DC3341B2526E80074716F /* Sources */ = {
			isa = PBXSourcesBuildPhase;
			buildActionMask = 2147483647;
			files = (
				7B5DC33F1B2526E80074716F /* Effective_Objective_C_2_0_Item_15Tests.m in Sources */,
			);
			runOnlyForDeploymentPostprocessing = 0;
		};
/* End PBXSourcesBuildPhase section */

/* Begin PBXTargetDependency section */
		7B5DC33A1B2526E80074716F /* PBXTargetDependency */ = {
			isa = PBXTargetDependency;
			target = 7B5DC31E1B2526E80074716F /* Effective-Objective-C-2.0-Item 15 */;
			targetProxy = 7B5DC3391B2526E80074716F /* PBXContainerItemProxy */;
		};
/* End PBXTargetDependency section */

/* Begin PBXVariantGroup section */
		7B5DC32C1B2526E80074716F /* Main.storyboard */ = {
			isa = PBXVariantGroup;
			children = (
				7B5DC32D1B2526E80074716F /* Base */,
			);
			name = Main.storyboard;
			sourceTree = "<group>";
		};
		7B5DC3311B2526E80074716F /* LaunchScreen.xib */ = {
			isa = PBXVariantGroup;
			children = (
				7B5DC3321B2526E80074716F /* Base */,
			);
			name = LaunchScreen.xib;
			sourceTree = "<group>";
		};
/* End PBXVariantGroup section */

/* Begin XCBuildConfiguration section */
		7B5DC3401B2526E80074716F /* Debug */ = {
			isa = XCBuildConfiguration;
			buildSettings = {
				ALWAYS_SEARCH_USER_PATHS = NO;
				CLANG_CXX_LANGUAGE_STANDARD = "gnu++0x";
				CLANG_CXX_LIBRARY = "libc++";
				CLANG_ENABLE_MODULES = YES;
				CLANG_ENABLE_OBJC_ARC = YES;
				CLANG_WARN_BOOL_CONVERSION = YES;
				CLANG_WARN_CONSTANT_CONVERSION = YES;
				CLANG_WARN_DIRECT_OBJC_ISA_USAGE = YES_ERROR;
				CLANG_WARN_EMPTY_BODY = YES;
				CLANG_WARN_ENUM_CONVERSION = YES;
				CLANG_WARN_INT_CONVERSION = YES;
				CLANG_WARN_OBJC_ROOT_CLASS = YES_ERROR;
				CLANG_WARN_UNREACHABLE_CODE = YES;
				CLANG_WARN__DUPLICATE_METHOD_MATCH = YES;
				"CODE_SIGN_IDENTITY[sdk=iphoneos*]" = "iPhone Developer";
				COPY_PHASE_STRIP = NO;
				DEBUG_INFORMATION_FORMAT = "dwarf-with-dsym";
				ENABLE_STRICT_OBJC_MSGSEND = YES;
				GCC_C_LANGUAGE_STANDARD = gnu99;
				GCC_DYNAMIC_NO_PIC = NO;
				GCC_NO_COMMON_BLOCKS = YES;
				GCC_OPTIMIZATION_LEVEL = 0;
				GCC_PREPROCESSOR_DEFINITIONS = (
					"DEBUG=1",
					"$(inherited)",
				);
				GCC_SYMBOLS_PRIVATE_EXTERN = NO;
				GCC_WARN_64_TO_32_BIT_CONVERSION = YES;
				GCC_WARN_ABOUT_RETURN_TYPE = YES_ERROR;
				GCC_WARN_UNDECLARED_SELECTOR = YES;
				GCC_WARN_UNINITIALIZED_AUTOS = YES_AGGRESSIVE;
				GCC_WARN_UNUSED_FUNCTION = YES;
				GCC_WARN_UNUSED_VARIABLE = YES;
				IPHONEOS_DEPLOYMENT_TARGET = 8.3;
				MTL_ENABLE_DEBUG_INFO = YES;
				ONLY_ACTIVE_ARCH = YES;
				SDKROOT = iphoneos;
			};
			name = Debug;
		};
		7B5DC3411B2526E80074716F /* Release */ = {
			isa = XCBuildConfiguration;
			buildSettings = {
				ALWAYS_SEARCH_USER_PATHS = NO;
				CLANG_CXX_LANGUAGE_STANDARD = "gnu++0x";
				CLANG_CXX_LIBRARY = "libc++";
				CLANG_ENABLE_MODULES = YES;
				CLANG_ENABLE_OBJC_ARC = YES;
				CLANG_WARN_BOOL_CONVERSION = YES;
				CLANG_WARN_CONSTANT_CONVERSION = YES;
				CLANG_WARN_DIRECT_OBJC_ISA_USAGE = YES_ERROR;
				CLANG_WARN_EMPTY_BODY = YES;
				CLANG_WARN_ENUM_CONVERSION = YES;
				CLANG_WARN_INT_CONVERSION = YES;
				CLANG_WARN_OBJC_ROOT_CLASS = YES_ERROR;
				CLANG_WARN_UNREACHABLE_CODE = YES;
				CLANG_WARN__DUPLICATE_METHOD_MATCH = YES;
				"CODE_SIGN_IDENTITY[sdk=iphoneos*]" = "iPhone Developer";
				COPY_PHASE_STRIP = NO;
				DEBUG_INFORMATION_FORMAT = "dwarf-with-dsym";
				ENABLE_NS_ASSERTIONS = NO;
				ENABLE_STRICT_OBJC_MSGSEND = YES;
				GCC_C_LANGUAGE_STANDARD = gnu99;
				GCC_NO_COMMON_BLOCKS = YES;
				GCC_WARN_64_TO_32_BIT_CONVERSION = YES;
				GCC_WARN_ABOUT_RETURN_TYPE = YES_ERROR;
				GCC_WARN_UNDECLARED_SELECTOR = YES;
				GCC_WARN_UNINITIALIZED_AUTOS = YES_AGGRESSIVE;
				GCC_WARN_UNUSED_FUNCTION = YES;
				GCC_WARN_UNUSED_VARIABLE = YES;
				IPHONEOS_DEPLOYMENT_TARGET = 8.3;
				MTL_ENABLE_DEBUG_INFO = NO;
				SDKROOT = iphoneos;
				VALIDATE_PRODUCT = YES;
			};
			name = Release;
		};
		7B5DC3431B2526E80074716F /* Debug */ = {
			isa = XCBuildConfiguration;
			buildSettings = {
				ASSETCATALOG_COMPILER_APPICON_NAME = AppIcon;
				INFOPLIST_FILE = "Effective-Objective-C-2.0-Item 15/Info.plist";
				LD_RUNPATH_SEARCH_PATHS = "$(inherited) @executable_path/Frameworks";
				PRODUCT_NAME = "$(TARGET_NAME)";
			};
			name = Debug;
		};
		7B5DC3441B2526E80074716F /* Release */ = {
			isa = XCBuildConfiguration;
			buildSettings = {
				ASSETCATALOG_COMPILER_APPICON_NAME = AppIcon;
				INFOPLIST_FILE = "Effective-Objective-C-2.0-Item 15/Info.plist";
				LD_RUNPATH_SEARCH_PATHS = "$(inherited) @executable_path/Frameworks";
				PRODUCT_NAME = "$(TARGET_NAME)";
			};
			name = Release;
		};
		7B5DC3461B2526E80074716F /* Debug */ = {
			isa = XCBuildConfiguration;
			buildSettings = {
				BUNDLE_LOADER = "$(TEST_HOST)";
				FRAMEWORK_SEARCH_PATHS = (
					"$(SDKROOT)/Developer/Library/Frameworks",
					"$(inherited)",
				);
				GCC_PREPROCESSOR_DEFINITIONS = (
					"DEBUG=1",
					"$(inherited)",
				);
				INFOPLIST_FILE = "Effective-Objective-C-2.0-Item 15Tests/Info.plist";
				LD_RUNPATH_SEARCH_PATHS = "$(inherited) @executable_path/Frameworks @loader_path/Frameworks";
				PRODUCT_NAME = "$(TARGET_NAME)";
				TEST_HOST = "$(BUILT_PRODUCTS_DIR)/Effective-Objective-C-2.0-Item 15.app/Effective-Objective-C-2.0-Item 15";
			};
			name = Debug;
		};
		7B5DC3471B2526E80074716F /* Release */ = {
			isa = XCBuildConfiguration;
			buildSettings = {
				BUNDLE_LOADER = "$(TEST_HOST)";
				FRAMEWORK_SEARCH_PATHS = (
					"$(SDKROOT)/Developer/Library/Frameworks",
					"$(inherited)",
				);
				INFOPLIST_FILE = "Effective-Objective-C-2.0-Item 15Tests/Info.plist";
				LD_RUNPATH_SEARCH_PATHS = "$(inherited) @executable_path/Frameworks @loader_path/Frameworks";
				PRODUCT_NAME = "$(TARGET_NAME)";
				TEST_HOST = "$(BUILT_PRODUCTS_DIR)/Effective-Objective-C-2.0-Item 15.app/Effective-Objective-C-2.0-Item 15";
			};
			name = Release;
		};
/* End XCBuildConfiguration section */

/* Begin XCConfigurationList section */
		7B5DC31A1B2526E80074716F /* Build configuration list for PBXProject "Effective-Objective-C-2.0-Item 15" */ = {
			isa = XCConfigurationList;
			buildConfigurations = (
				7B5DC3401B2526E80074716F /* Debug */,
				7B5DC3411B2526E80074716F /* Release */,
			);
			defaultConfigurationIsVisible = 0;
			defaultConfigurationName = Release;
		};
		7B5DC3421B2526E80074716F /* Build configuration list for PBXNativeTarget "Effective-Objective-C-2.0-Item 15" */ = {
			isa = XCConfigurationList;
			buildConfigurations = (
				7B5DC3431B2526E80074716F /* Debug */,
				7B5DC3441B2526E80074716F /* Release */,
			);
			defaultConfigurationIsVisible = 0;
		};
		7B5DC3451B2526E80074716F /* Build configuration list for PBXNativeTarget "Effective-Objective-C-2.0-Item 15Tests" */ = {
			isa = XCConfigurationList;
			buildConfigurations = (
				7B5DC3461B2526E80074716F /* Debug */,
				7B5DC3471B2526E80074716F /* Release */,
			);
			defaultConfigurationIsVisible = 0;
		};
/* End XCConfigurationList section */
	};
	rootObject = 7B5DC3171B2526E80074716F /* Project object */;
}
