// !$*UTF8*$!
{
	archiveVersion = 1;
	classes = {
	};
	objectVersion = 46;
	objects = {

/* Begin PBXBuildFile section */
		7B7A21521B22ED130013F90A /* main.m in Sources */ = {isa = PBXBuildFile; fileRef = 7B7A21511B22ED130013F90A /* main.m */; };
		7B7A21551B22ED130013F90A /* AppDelegate.m in Sources */ = {isa = PBXBuildFile; fileRef = 7B7A21541B22ED130013F90A /* AppDelegate.m */; };
		7B7A21581B22ED130013F90A /* ViewController.m in Sources */ = {isa = PBXBuildFile; fileRef = 7B7A21571B22ED130013F90A /* ViewController.m */; };
		7B7A215B1B22ED130013F90A /* Main.storyboard in Resources */ = {isa = PBXBuildFile; fileRef = 7B7A21591B22ED130013F90A /* Main.storyboard */; };
		7B7A215D1B22ED130013F90A /* Images.xcassets in Resources */ = {isa = PBXBuildFile; fileRef = 7B7A215C1B22ED130013F90A /* Images.xcassets */; };
		7B7A21601B22ED130013F90A /* LaunchScreen.xib in Resources */ = {isa = PBXBuildFile; fileRef = 7B7A215E1B22ED130013F90A /* LaunchScreen.xib */; };
		7B7A216C1B22ED130013F90A /* Effective_Objective_C_2_0_Item_13Tests.m in Sources */ = {isa = PBXBuildFile; fileRef = 7B7A216B1B22ED130013F90A /* Effective_Objective_C_2_0_Item_13Tests.m */; };
/* End PBXBuildFile section */

/* Begin PBXContainerItemProxy section */
		7B7A21661B22ED130013F90A /* PBXContainerItemProxy */ = {
			isa = PBXContainerItemProxy;
			containerPortal = 7B7A21441B22ED130013F90A /* Project object */;
			proxyType = 1;
			remoteGlobalIDString = 7B7A214B1B22ED130013F90A;
			remoteInfo = "Effective-Objective-C-2.0-Item 13";
		};
/* End PBXContainerItemProxy section */

/* Begin PBXFileReference section */
		7B7A214C1B22ED130013F90A /* Effective-Objective-C-2.0-Item 13.app */ = {isa = PBXFileReference; explicitFileType = wrapper.application; includeInIndex = 0; path = "Effective-Objective-C-2.0-Item 13.app"; sourceTree = BUILT_PRODUCTS_DIR; };
		7B7A21501B22ED130013F90A /* Info.plist */ = {isa = PBXFileReference; lastKnownFileType = text.plist.xml; path = Info.plist; sourceTree = "<group>"; };
		7B7A21511B22ED130013F90A /* main.m */ = {isa = PBXFileReference; lastKnownFileType = sourcecode.c.objc; path = main.m; sourceTree = "<group>"; };
		7B7A21531B22ED130013F90A /* AppDelegate.h */ = {isa = PBXFileReference; lastKnownFileType = sourcecode.c.h; path = AppDelegate.h; sourceTree = "<group>"; };
		7B7A21541B22ED130013F90A /* AppDelegate.m */ = {isa = PBXFileReference; lastKnownFileType = sourcecode.c.objc; path = AppDelegate.m; sourceTree = "<group>"; };
		7B7A21561B22ED130013F90A /* ViewController.h */ = {isa = PBXFileReference; lastKnownFileType = sourcecode.c.h; path = ViewController.h; sourceTree = "<group>"; };
		7B7A21571B22ED130013F90A /* ViewController.m */ = {isa = PBXFileReference; lastKnownFileType = sourcecode.c.objc; path = ViewController.m; sourceTree = "<group>"; };
		7B7A215A1B22ED130013F90A /* Base */ = {isa = PBXFileReference; lastKnownFileType = file.storyboard; name = Base; path = Base.lproj/Main.storyboard; sourceTree = "<group>"; };
		7B7A215C1B22ED130013F90A /* Images.xcassets */ = {isa = PBXFileReference; lastKnownFileType = folder.assetcatalog; path = Images.xcassets; sourceTree = "<group>"; };
		7B7A215F1B22ED130013F90A /* Base */ = {isa = PBXFileReference; lastKnownFileType = file.xib; name = Base; path = Base.lproj/LaunchScreen.xib; sourceTree = "<group>"; };
		7B7A21651B22ED130013F90A /* Effective-Objective-C-2.0-Item 13Tests.xctest */ = {isa = PBXFileReference; explicitFileType = wrapper.cfbundle; includeInIndex = 0; path = "Effective-Objective-C-2.0-Item 13Tests.xctest"; sourceTree = BUILT_PRODUCTS_DIR; };
		7B7A216A1B22ED130013F90A /* Info.plist */ = {isa = PBXFileReference; lastKnownFileType = text.plist.xml; path = Info.plist; sourceTree = "<group>"; };
		7B7A216B1B22ED130013F90A /* Effective_Objective_C_2_0_Item_13Tests.m */ = {isa = PBXFileReference; lastKnownFileType = sourcecode.c.objc; path = Effective_Objective_C_2_0_Item_13Tests.m; sourceTree = "<group>"; };
/* End PBXFileReference section */

/* Begin PBXFrameworksBuildPhase section */
		7B7A21491B22ED130013F90A /* Frameworks */ = {
			isa = PBXFrameworksBuildPhase;
			buildActionMask = 2147483647;
			files = (
			);
			runOnlyForDeploymentPostprocessing = 0;
		};
		7B7A21621B22ED130013F90A /* Frameworks */ = {
			isa = PBXFrameworksBuildPhase;
			buildActionMask = 2147483647;
			files = (
			);
			runOnlyForDeploymentPostprocessing = 0;
		};
/* End PBXFrameworksBuildPhase section */

/* Begin PBXGroup section */
		7B7A21431B22ED130013F90A = {
			isa = PBXGroup;
			children = (
				7B7A214E1B22ED130013F90A /* Effective-Objective-C-2.0-Item 13 */,
				7B7A21681B22ED130013F90A /* Effective-Objective-C-2.0-Item 13Tests */,
				7B7A214D1B22ED130013F90A /* Products */,
			);
			sourceTree = "<group>";
		};
		7B7A214D1B22ED130013F90A /* Products */ = {
			isa = PBXGroup;
			children = (
				7B7A214C1B22ED130013F90A /* Effective-Objective-C-2.0-Item 13.app */,
				7B7A21651B22ED130013F90A /* Effective-Objective-C-2.0-Item 13Tests.xctest */,
			);
			name = Products;
			sourceTree = "<group>";
		};
		7B7A214E1B22ED130013F90A /* Effective-Objective-C-2.0-Item 13 */ = {
			isa = PBXGroup;
			children = (
				7B7A21531B22ED130013F90A /* AppDelegate.h */,
				7B7A21541B22ED130013F90A /* AppDelegate.m */,
				7B7A21561B22ED130013F90A /* ViewController.h */,
				7B7A21571B22ED130013F90A /* ViewController.m */,
				7B7A21591B22ED130013F90A /* Main.storyboard */,
				7B7A215C1B22ED130013F90A /* Images.xcassets */,
				7B7A215E1B22ED130013F90A /* LaunchScreen.xib */,
				7B7A214F1B22ED130013F90A /* Supporting Files */,
			);
			path = "Effective-Objective-C-2.0-Item 13";
			sourceTree = "<group>";
		};
		7B7A214F1B22ED130013F90A /* Supporting Files */ = {
			isa = PBXGroup;
			children = (
				7B7A21501B22ED130013F90A /* Info.plist */,
				7B7A21511B22ED130013F90A /* main.m */,
			);
			name = "Supporting Files";
			sourceTree = "<group>";
		};
		7B7A21681B22ED130013F90A /* Effective-Objective-C-2.0-Item 13Tests */ = {
			isa = PBXGroup;
			children = (
				7B7A216B1B22ED130013F90A /* Effective_Objective_C_2_0_Item_13Tests.m */,
				7B7A21691B22ED130013F90A /* Supporting Files */,
			);
			path = "Effective-Objective-C-2.0-Item 13Tests";
			sourceTree = "<group>";
		};
		7B7A21691B22ED130013F90A /* Supporting Files */ = {
			isa = PBXGroup;
			children = (
				7B7A216A1B22ED130013F90A /* Info.plist */,
			);
			name = "Supporting Files";
			sourceTree = "<group>";
		};
/* End PBXGroup section */

/* Begin PBXNativeTarget section */
		7B7A214B1B22ED130013F90A /* Effective-Objective-C-2.0-Item 13 */ = {
			isa = PBXNativeTarget;
			buildConfigurationList = 7B7A216F1B22ED130013F90A /* Build configuration list for PBXNativeTarget "Effective-Objective-C-2.0-Item 13" */;
			buildPhases = (
				7B7A21481B22ED130013F90A /* Sources */,
				7B7A21491B22ED130013F90A /* Frameworks */,
				7B7A214A1B22ED130013F90A /* Resources */,
			);
			buildRules = (
			);
			dependencies = (
			);
			name = "Effective-Objective-C-2.0-Item 13";
			productName = "Effective-Objective-C-2.0-Item 13";
			productReference = 7B7A214C1B22ED130013F90A /* Effective-Objective-C-2.0-Item 13.app */;
			productType = "com.apple.product-type.application";
		};
		7B7A21641B22ED130013F90A /* Effective-Objective-C-2.0-Item 13Tests */ = {
			isa = PBXNativeTarget;
			buildConfigurationList = 7B7A21721B22ED130013F90A /* Build configuration list for PBXNativeTarget "Effective-Objective-C-2.0-Item 13Tests" */;
			buildPhases = (
				7B7A21611B22ED130013F90A /* Sources */,
				7B7A21621B22ED130013F90A /* Frameworks */,
				7B7A21631B22ED130013F90A /* Resources */,
			);
			buildRules = (
			);
			dependencies = (
				7B7A21671B22ED130013F90A /* PBXTargetDependency */,
			);
			name = "Effective-Objective-C-2.0-Item 13Tests";
			productName = "Effective-Objective-C-2.0-Item 13Tests";
			productReference = 7B7A21651B22ED130013F90A /* Effective-Objective-C-2.0-Item 13Tests.xctest */;
			productType = "com.apple.product-type.bundle.unit-test";
		};
/* End PBXNativeTarget section */

/* Begin PBXProject section */
		7B7A21441B22ED130013F90A /* Project object */ = {
			isa = PBXProject;
			attributes = {
				LastUpgradeCheck = 0630;
				ORGANIZATIONNAME = "黄成都";
				TargetAttributes = {
					7B7A214B1B22ED130013F90A = {
						CreatedOnToolsVersion = 6.3;
					};
					7B7A21641B22ED130013F90A = {
						CreatedOnToolsVersion = 6.3;
						TestTargetID = 7B7A214B1B22ED130013F90A;
					};
				};
			};
			buildConfigurationList = 7B7A21471B22ED130013F90A /* Build configuration list for PBXProject "Effective-Objective-C-2.0-Item 13" */;
			compatibilityVersion = "Xcode 3.2";
			developmentRegion = English;
			hasScannedForEncodings = 0;
			knownRegions = (
				en,
				Base,
			);
			mainGroup = 7B7A21431B22ED130013F90A;
			productRefGroup = 7B7A214D1B22ED130013F90A /* Products */;
			projectDirPath = "";
			projectRoot = "";
			targets = (
				7B7A214B1B22ED130013F90A /* Effective-Objective-C-2.0-Item 13 */,
				7B7A21641B22ED130013F90A /* Effective-Objective-C-2.0-Item 13Tests */,
			);
		};
/* End PBXProject section */

/* Begin PBXResourcesBuildPhase section */
		7B7A214A1B22ED130013F90A /* Resources */ = {
			isa = PBXResourcesBuildPhase;
			buildActionMask = 2147483647;
			files = (
				7B7A215B1B22ED130013F90A /* Main.storyboard in Resources */,
				7B7A21601B22ED130013F90A /* LaunchScreen.xib in Resources */,
				7B7A215D1B22ED130013F90A /* Images.xcassets in Resources */,
			);
			runOnlyForDeploymentPostprocessing = 0;
		};
		7B7A21631B22ED130013F90A /* Resources */ = {
			isa = PBXResourcesBuildPhase;
			buildActionMask = 2147483647;
			files = (
			);
			runOnlyForDeploymentPostprocessing = 0;
		};
/* End PBXResourcesBuildPhase section */

/* Begin PBXSourcesBuildPhase section */
		7B7A21481B22ED130013F90A /* Sources */ = {
			isa = PBXSourcesBuildPhase;
			buildActionMask = 2147483647;
			files = (
				7B7A21581B22ED130013F90A /* ViewController.m in Sources */,
				7B7A21551B22ED130013F90A /* AppDelegate.m in Sources */,
				7B7A21521B22ED130013F90A /* main.m in Sources */,
			);
			runOnlyForDeploymentPostprocessing = 0;
		};
		7B7A21611B22ED130013F90A /* Sources */ = {
			isa = PBXSourcesBuildPhase;
			buildActionMask = 2147483647;
			files = (
				7B7A216C1B22ED130013F90A /* Effective_Objective_C_2_0_Item_13Tests.m in Sources */,
			);
			runOnlyForDeploymentPostprocessing = 0;
		};
/* End PBXSourcesBuildPhase section */

/* Begin PBXTargetDependency section */
		7B7A21671B22ED130013F90A /* PBXTargetDependency */ = {
			isa = PBXTargetDependency;
			target = 7B7A214B1B22ED130013F90A /* Effective-Objective-C-2.0-Item 13 */;
			targetProxy = 7B7A21661B22ED130013F90A /* PBXContainerItemProxy */;
		};
/* End PBXTargetDependency section */

/* Begin PBXVariantGroup section */
		7B7A21591B22ED130013F90A /* Main.storyboard */ = {
			isa = PBXVariantGroup;
			children = (
				7B7A215A1B22ED130013F90A /* Base */,
			);
			name = Main.storyboard;
			sourceTree = "<group>";
		};
		7B7A215E1B22ED130013F90A /* LaunchScreen.xib */ = {
			isa = PBXVariantGroup;
			children = (
				7B7A215F1B22ED130013F90A /* Base */,
			);
			name = LaunchScreen.xib;
			sourceTree = "<group>";
		};
/* End PBXVariantGroup section */

/* Begin XCBuildConfiguration section */
		7B7A216D1B22ED130013F90A /* Debug */ = {
			isa = XCBuildConfiguration;
			buildSettings = {
				ALWAYS_SEARCH_USER_PATHS = NO;
				CLANG_CXX_LANGUAGE_STANDARD = "gnu++0x";
				CLANG_CXX_LIBRARY = "libc++";
				CLANG_ENABLE_MODULES = YES;
				CLANG_ENABLE_OBJC_ARC = YES;
				CLANG_WARN_BOOL_CONVERSION = YES;
				CLANG_WARN_CONSTANT_CONVERSION = YES;
				CLANG_WARN_DIRECT_OBJC_ISA_USAGE = YES_ERROR;
				CLANG_WARN_EMPTY_BODY = YES;
				CLANG_WARN_ENUM_CONVERSION = YES;
				CLANG_WARN_INT_CONVERSION = YES;
				CLANG_WARN_OBJC_ROOT_CLASS = YES_ERROR;
				CLANG_WARN_UNREACHABLE_CODE = YES;
				CLANG_WARN__DUPLICATE_METHOD_MATCH = YES;
				"CODE_SIGN_IDENTITY[sdk=iphoneos*]" = "iPhone Developer";
				COPY_PHASE_STRIP = NO;
				DEBUG_INFORMATION_FORMAT = "dwarf-with-dsym";
				ENABLE_STRICT_OBJC_MSGSEND = YES;
				GCC_C_LANGUAGE_STANDARD = gnu99;
				GCC_DYNAMIC_NO_PIC = NO;
				GCC_NO_COMMON_BLOCKS = YES;
				GCC_OPTIMIZATION_LEVEL = 0;
				GCC_PREPROCESSOR_DEFINITIONS = (
					"DEBUG=1",
					"$(inherited)",
				);
				GCC_SYMBOLS_PRIVATE_EXTERN = NO;
				GCC_WARN_64_TO_32_BIT_CONVERSION = YES;
				GCC_WARN_ABOUT_RETURN_TYPE = YES_ERROR;
				GCC_WARN_UNDECLARED_SELECTOR = YES;
				GCC_WARN_UNINITIALIZED_AUTOS = YES_AGGRESSIVE;
				GCC_WARN_UNUSED_FUNCTION = YES;
				GCC_WARN_UNUSED_VARIABLE = YES;
				IPHONEOS_DEPLOYMENT_TARGET = 8.3;
				MTL_ENABLE_DEBUG_INFO = YES;
				ONLY_ACTIVE_ARCH = YES;
				SDKROOT = iphoneos;
			};
			name = Debug;
		};
		7B7A216E1B22ED130013F90A /* Release */ = {
			isa = XCBuildConfiguration;
			buildSettings = {
				ALWAYS_SEARCH_USER_PATHS = NO;
				CLANG_CXX_LANGUAGE_STANDARD = "gnu++0x";
				CLANG_CXX_LIBRARY = "libc++";
				CLANG_ENABLE_MODULES = YES;
				CLANG_ENABLE_OBJC_ARC = YES;
				CLANG_WARN_BOOL_CONVERSION = YES;
				CLANG_WARN_CONSTANT_CONVERSION = YES;
				CLANG_WARN_DIRECT_OBJC_ISA_USAGE = YES_ERROR;
				CLANG_WARN_EMPTY_BODY = YES;
				CLANG_WARN_ENUM_CONVERSION = YES;
				CLANG_WARN_INT_CONVERSION = YES;
				CLANG_WARN_OBJC_ROOT_CLASS = YES_ERROR;
				CLANG_WARN_UNREACHABLE_CODE = YES;
				CLANG_WARN__DUPLICATE_METHOD_MATCH = YES;
				"CODE_SIGN_IDENTITY[sdk=iphoneos*]" = "iPhone Developer";
				COPY_PHASE_STRIP = NO;
				DEBUG_INFORMATION_FORMAT = "dwarf-with-dsym";
				ENABLE_NS_ASSERTIONS = NO;
				ENABLE_STRICT_OBJC_MSGSEND = YES;
				GCC_C_LANGUAGE_STANDARD = gnu99;
				GCC_NO_COMMON_BLOCKS = YES;
				GCC_WARN_64_TO_32_BIT_CONVERSION = YES;
				GCC_WARN_ABOUT_RETURN_TYPE = YES_ERROR;
				GCC_WARN_UNDECLARED_SELECTOR = YES;
				GCC_WARN_UNINITIALIZED_AUTOS = YES_AGGRESSIVE;
				GCC_WARN_UNUSED_FUNCTION = YES;
				GCC_WARN_UNUSED_VARIABLE = YES;
				IPHONEOS_DEPLOYMENT_TARGET = 8.3;
				MTL_ENABLE_DEBUG_INFO = NO;
				SDKROOT = iphoneos;
				VALIDATE_PRODUCT = YES;
			};
			name = Release;
		};
		7B7A21701B22ED130013F90A /* Debug */ = {
			isa = XCBuildConfiguration;
			buildSettings = {
				ASSETCATALOG_COMPILER_APPICON_NAME = AppIcon;
				INFOPLIST_FILE = "Effective-Objective-C-2.0-Item 13/Info.plist";
				LD_RUNPATH_SEARCH_PATHS = "$(inherited) @executable_path/Frameworks";
				PRODUCT_NAME = "$(TARGET_NAME)";
			};
			name = Debug;
		};
		7B7A21711B22ED130013F90A /* Release */ = {
			isa = XCBuildConfiguration;
			buildSettings = {
				ASSETCATALOG_COMPILER_APPICON_NAME = AppIcon;
				INFOPLIST_FILE = "Effective-Objective-C-2.0-Item 13/Info.plist";
				LD_RUNPATH_SEARCH_PATHS = "$(inherited) @executable_path/Frameworks";
				PRODUCT_NAME = "$(TARGET_NAME)";
			};
			name = Release;
		};
		7B7A21731B22ED130013F90A /* Debug */ = {
			isa = XCBuildConfiguration;
			buildSettings = {
				BUNDLE_LOADER = "$(TEST_HOST)";
				FRAMEWORK_SEARCH_PATHS = (
					"$(SDKROOT)/Developer/Library/Frameworks",
					"$(inherited)",
				);
				GCC_PREPROCESSOR_DEFINITIONS = (
					"DEBUG=1",
					"$(inherited)",
				);
				INFOPLIST_FILE = "Effective-Objective-C-2.0-Item 13Tests/Info.plist";
				LD_RUNPATH_SEARCH_PATHS = "$(inherited) @executable_path/Frameworks @loader_path/Frameworks";
				PRODUCT_NAME = "$(TARGET_NAME)";
				TEST_HOST = "$(BUILT_PRODUCTS_DIR)/Effective-Objective-C-2.0-Item 13.app/Effective-Objective-C-2.0-Item 13";
			};
			name = Debug;
		};
		7B7A21741B22ED130013F90A /* Release */ = {
			isa = XCBuildConfiguration;
			buildSettings = {
				BUNDLE_LOADER = "$(TEST_HOST)";
				FRAMEWORK_SEARCH_PATHS = (
					"$(SDKROOT)/Developer/Library/Frameworks",
					"$(inherited)",
				);
				INFOPLIST_FILE = "Effective-Objective-C-2.0-Item 13Tests/Info.plist";
				LD_RUNPATH_SEARCH_PATHS = "$(inherited) @executable_path/Frameworks @loader_path/Frameworks";
				PRODUCT_NAME = "$(TARGET_NAME)";
				TEST_HOST = "$(BUILT_PRODUCTS_DIR)/Effective-Objective-C-2.0-Item 13.app/Effective-Objective-C-2.0-Item 13";
			};
			name = Release;
		};
/* End XCBuildConfiguration section */

/* Begin XCConfigurationList section */
		7B7A21471B22ED130013F90A /* Build configuration list for PBXProject "Effective-Objective-C-2.0-Item 13" */ = {
			isa = XCConfigurationList;
			buildConfigurations = (
				7B7A216D1B22ED130013F90A /* Debug */,
				7B7A216E1B22ED130013F90A /* Release */,
			);
			defaultConfigurationIsVisible = 0;
			defaultConfigurationName = Release;
		};
		7B7A216F1B22ED130013F90A /* Build configuration list for PBXNativeTarget "Effective-Objective-C-2.0-Item 13" */ = {
			isa = XCConfigurationList;
			buildConfigurations = (
				7B7A21701B22ED130013F90A /* Debug */,
				7B7A21711B22ED130013F90A /* Release */,
			);
			defaultConfigurationIsVisible = 0;
		};
		7B7A21721B22ED130013F90A /* Build configuration list for PBXNativeTarget "Effective-Objective-C-2.0-Item 13Tests" */ = {
			isa = XCConfigurationList;
			buildConfigurations = (
				7B7A21731B22ED130013F90A /* Debug */,
				7B7A21741B22ED130013F90A /* Release */,
			);
			defaultConfigurationIsVisible = 0;
		};
/* End XCConfigurationList section */
	};
	rootObject = 7B7A21441B22ED130013F90A /* Project object */;
}
