// !$*UTF8*$!
{
	archiveVersion = 1;
	classes = {
	};
	objectVersion = 46;
	objects = {

/* Begin PBXBuildFile section */
		7B3C18E31B2684A5002F5C2F /* main.m in Sources */ = {isa = PBXBuildFile; fileRef = 7B3C18E21B2684A5002F5C2F /* main.m */; };
		7B3C18E61B2684A5002F5C2F /* AppDelegate.m in Sources */ = {isa = PBXBuildFile; fileRef = 7B3C18E51B2684A5002F5C2F /* AppDelegate.m */; };
		7B3C18E91B2684A5002F5C2F /* ViewController.m in Sources */ = {isa = PBXBuildFile; fileRef = 7B3C18E81B2684A5002F5C2F /* ViewController.m */; };
		7B3C18EC1B2684A5002F5C2F /* Main.storyboard in Resources */ = {isa = PBXBuildFile; fileRef = 7B3C18EA1B2684A5002F5C2F /* Main.storyboard */; };
		7B3C18EE1B2684A5002F5C2F /* Images.xcassets in Resources */ = {isa = PBXBuildFile; fileRef = 7B3C18ED1B2684A5002F5C2F /* Images.xcassets */; };
		7B3C18F11B2684A5002F5C2F /* LaunchScreen.xib in Resources */ = {isa = PBXBuildFile; fileRef = 7B3C18EF1B2684A5002F5C2F /* LaunchScreen.xib */; };
		7B3C18FD1B2684A5002F5C2F /* Effective_Objective_C_2_0_Item_22Tests.m in Sources */ = {isa = PBXBuildFile; fileRef = 7B3C18FC1B2684A5002F5C2F /* Effective_Objective_C_2_0_Item_22Tests.m */; };
		7B3C19081B268591002F5C2F /* EOCPerson.m in Sources */ = {isa = PBXBuildFile; fileRef = 7B3C19071B268591002F5C2F /* EOCPerson.m */; };
/* End PBXBuildFile section */

/* Begin PBXContainerItemProxy section */
		7B3C18F71B2684A5002F5C2F /* PBXContainerItemProxy */ = {
			isa = PBXContainerItemProxy;
			containerPortal = 7B3C18D51B2684A5002F5C2F /* Project object */;
			proxyType = 1;
			remoteGlobalIDString = 7B3C18DC1B2684A5002F5C2F;
			remoteInfo = "Effective-Objective-C-2.0-Item 22";
		};
/* End PBXContainerItemProxy section */

/* Begin PBXFileReference section */
		7B3C18DD1B2684A5002F5C2F /* Effective-Objective-C-2.0-Item 22.app */ = {isa = PBXFileReference; explicitFileType = wrapper.application; includeInIndex = 0; path = "Effective-Objective-C-2.0-Item 22.app"; sourceTree = BUILT_PRODUCTS_DIR; };
		7B3C18E11B2684A5002F5C2F /* Info.plist */ = {isa = PBXFileReference; lastKnownFileType = text.plist.xml; path = Info.plist; sourceTree = "<group>"; };
		7B3C18E21B2684A5002F5C2F /* main.m */ = {isa = PBXFileReference; lastKnownFileType = sourcecode.c.objc; path = main.m; sourceTree = "<group>"; };
		7B3C18E41B2684A5002F5C2F /* AppDelegate.h */ = {isa = PBXFileReference; lastKnownFileType = sourcecode.c.h; path = AppDelegate.h; sourceTree = "<group>"; };
		7B3C18E51B2684A5002F5C2F /* AppDelegate.m */ = {isa = PBXFileReference; lastKnownFileType = sourcecode.c.objc; path = AppDelegate.m; sourceTree = "<group>"; };
		7B3C18E71B2684A5002F5C2F /* ViewController.h */ = {isa = PBXFileReference; lastKnownFileType = sourcecode.c.h; path = ViewController.h; sourceTree = "<group>"; };
		7B3C18E81B2684A5002F5C2F /* ViewController.m */ = {isa = PBXFileReference; lastKnownFileType = sourcecode.c.objc; path = ViewController.m; sourceTree = "<group>"; };
		7B3C18EB1B2684A5002F5C2F /* Base */ = {isa = PBXFileReference; lastKnownFileType = file.storyboard; name = Base; path = Base.lproj/Main.storyboard; sourceTree = "<group>"; };
		7B3C18ED1B2684A5002F5C2F /* Images.xcassets */ = {isa = PBXFileReference; lastKnownFileType = folder.assetcatalog; path = Images.xcassets; sourceTree = "<group>"; };
		7B3C18F01B2684A5002F5C2F /* Base */ = {isa = PBXFileReference; lastKnownFileType = file.xib; name = Base; path = Base.lproj/LaunchScreen.xib; sourceTree = "<group>"; };
		7B3C18F61B2684A5002F5C2F /* Effective-Objective-C-2.0-Item 22Tests.xctest */ = {isa = PBXFileReference; explicitFileType = wrapper.cfbundle; includeInIndex = 0; path = "Effective-Objective-C-2.0-Item 22Tests.xctest"; sourceTree = BUILT_PRODUCTS_DIR; };
		7B3C18FB1B2684A5002F5C2F /* Info.plist */ = {isa = PBXFileReference; lastKnownFileType = text.plist.xml; path = Info.plist; sourceTree = "<group>"; };
		7B3C18FC1B2684A5002F5C2F /* Effective_Objective_C_2_0_Item_22Tests.m */ = {isa = PBXFileReference; lastKnownFileType = sourcecode.c.objc; path = Effective_Objective_C_2_0_Item_22Tests.m; sourceTree = "<group>"; };
		7B3C19061B268591002F5C2F /* EOCPerson.h */ = {isa = PBXFileReference; fileEncoding = 4; lastKnownFileType = sourcecode.c.h; path = EOCPerson.h; sourceTree = "<group>"; };
		7B3C19071B268591002F5C2F /* EOCPerson.m */ = {isa = PBXFileReference; fileEncoding = 4; lastKnownFileType = sourcecode.c.objc; path = EOCPerson.m; sourceTree = "<group>"; };
/* End PBXFileReference section */

/* Begin PBXFrameworksBuildPhase section */
		7B3C18DA1B2684A5002F5C2F /* Frameworks */ = {
			isa = PBXFrameworksBuildPhase;
			buildActionMask = 2147483647;
			files = (
			);
			runOnlyForDeploymentPostprocessing = 0;
		};
		7B3C18F31B2684A5002F5C2F /* Frameworks */ = {
			isa = PBXFrameworksBuildPhase;
			buildActionMask = 2147483647;
			files = (
			);
			runOnlyForDeploymentPostprocessing = 0;
		};
/* End PBXFrameworksBuildPhase section */

/* Begin PBXGroup section */
		7B3C18D41B2684A5002F5C2F = {
			isa = PBXGroup;
			children = (
				7B3C18DF1B2684A5002F5C2F /* Effective-Objective-C-2.0-Item 22 */,
				7B3C18F91B2684A5002F5C2F /* Effective-Objective-C-2.0-Item 22Tests */,
				7B3C18DE1B2684A5002F5C2F /* Products */,
			);
			sourceTree = "<group>";
		};
		7B3C18DE1B2684A5002F5C2F /* Products */ = {
			isa = PBXGroup;
			children = (
				7B3C18DD1B2684A5002F5C2F /* Effective-Objective-C-2.0-Item 22.app */,
				7B3C18F61B2684A5002F5C2F /* Effective-Objective-C-2.0-Item 22Tests.xctest */,
			);
			name = Products;
			sourceTree = "<group>";
		};
		7B3C18DF1B2684A5002F5C2F /* Effective-Objective-C-2.0-Item 22 */ = {
			isa = PBXGroup;
			children = (
				7B3C18E41B2684A5002F5C2F /* AppDelegate.h */,
				7B3C18E51B2684A5002F5C2F /* AppDelegate.m */,
				7B3C18E71B2684A5002F5C2F /* ViewController.h */,
				7B3C18E81B2684A5002F5C2F /* ViewController.m */,
				7B3C18EA1B2684A5002F5C2F /* Main.storyboard */,
				7B3C18ED1B2684A5002F5C2F /* Images.xcassets */,
				7B3C18EF1B2684A5002F5C2F /* LaunchScreen.xib */,
				7B3C18E01B2684A5002F5C2F /* Supporting Files */,
				7B3C19061B268591002F5C2F /* EOCPerson.h */,
				7B3C19071B268591002F5C2F /* EOCPerson.m */,
			);
			path = "Effective-Objective-C-2.0-Item 22";
			sourceTree = "<group>";
		};
		7B3C18E01B2684A5002F5C2F /* Supporting Files */ = {
			isa = PBXGroup;
			children = (
				7B3C18E11B2684A5002F5C2F /* Info.plist */,
				7B3C18E21B2684A5002F5C2F /* main.m */,
			);
			name = "Supporting Files";
			sourceTree = "<group>";
		};
		7B3C18F91B2684A5002F5C2F /* Effective-Objective-C-2.0-Item 22Tests */ = {
			isa = PBXGroup;
			children = (
				7B3C18FC1B2684A5002F5C2F /* Effective_Objective_C_2_0_Item_22Tests.m */,
				7B3C18FA1B2684A5002F5C2F /* Supporting Files */,
			);
			path = "Effective-Objective-C-2.0-Item 22Tests";
			sourceTree = "<group>";
		};
		7B3C18FA1B2684A5002F5C2F /* Supporting Files */ = {
			isa = PBXGroup;
			children = (
				7B3C18FB1B2684A5002F5C2F /* Info.plist */,
			);
			name = "Supporting Files";
			sourceTree = "<group>";
		};
/* End PBXGroup section */

/* Begin PBXNativeTarget section */
		7B3C18DC1B2684A5002F5C2F /* Effective-Objective-C-2.0-Item 22 */ = {
			isa = PBXNativeTarget;
			buildConfigurationList = 7B3C19001B2684A5002F5C2F /* Build configuration list for PBXNativeTarget "Effective-Objective-C-2.0-Item 22" */;
			buildPhases = (
				7B3C18D91B2684A5002F5C2F /* Sources */,
				7B3C18DA1B2684A5002F5C2F /* Frameworks */,
				7B3C18DB1B2684A5002F5C2F /* Resources */,
			);
			buildRules = (
			);
			dependencies = (
			);
			name = "Effective-Objective-C-2.0-Item 22";
			productName = "Effective-Objective-C-2.0-Item 22";
			productReference = 7B3C18DD1B2684A5002F5C2F /* Effective-Objective-C-2.0-Item 22.app */;
			productType = "com.apple.product-type.application";
		};
		7B3C18F51B2684A5002F5C2F /* Effective-Objective-C-2.0-Item 22Tests */ = {
			isa = PBXNativeTarget;
			buildConfigurationList = 7B3C19031B2684A5002F5C2F /* Build configuration list for PBXNativeTarget "Effective-Objective-C-2.0-Item 22Tests" */;
			buildPhases = (
				7B3C18F21B2684A5002F5C2F /* Sources */,
				7B3C18F31B2684A5002F5C2F /* Frameworks */,
				7B3C18F41B2684A5002F5C2F /* Resources */,
			);
			buildRules = (
			);
			dependencies = (
				7B3C18F81B2684A5002F5C2F /* PBXTargetDependency */,
			);
			name = "Effective-Objective-C-2.0-Item 22Tests";
			productName = "Effective-Objective-C-2.0-Item 22Tests";
			productReference = 7B3C18F61B2684A5002F5C2F /* Effective-Objective-C-2.0-Item 22Tests.xctest */;
			productType = "com.apple.product-type.bundle.unit-test";
		};
/* End PBXNativeTarget section */

/* Begin PBXProject section */
		7B3C18D51B2684A5002F5C2F /* Project object */ = {
			isa = PBXProject;
			attributes = {
				LastUpgradeCheck = 0630;
				ORGANIZATIONNAME = "黄成都";
				TargetAttributes = {
					7B3C18DC1B2684A5002F5C2F = {
						CreatedOnToolsVersion = 6.3;
					};
					7B3C18F51B2684A5002F5C2F = {
						CreatedOnToolsVersion = 6.3;
						TestTargetID = 7B3C18DC1B2684A5002F5C2F;
					};
				};
			};
			buildConfigurationList = 7B3C18D81B2684A5002F5C2F /* Build configuration list for PBXProject "Effective-Objective-C-2.0-Item 22" */;
			compatibilityVersion = "Xcode 3.2";
			developmentRegion = English;
			hasScannedForEncodings = 0;
			knownRegions = (
				en,
				Base,
			);
			mainGroup = 7B3C18D41B2684A5002F5C2F;
			productRefGroup = 7B3C18DE1B2684A5002F5C2F /* Products */;
			projectDirPath = "";
			projectRoot = "";
			targets = (
				7B3C18DC1B2684A5002F5C2F /* Effective-Objective-C-2.0-Item 22 */,
				7B3C18F51B2684A5002F5C2F /* Effective-Objective-C-2.0-Item 22Tests */,
			);
		};
/* End PBXProject section */

/* Begin PBXResourcesBuildPhase section */
		7B3C18DB1B2684A5002F5C2F /* Resources */ = {
			isa = PBXResourcesBuildPhase;
			buildActionMask = 2147483647;
			files = (
				7B3C18EC1B2684A5002F5C2F /* Main.storyboard in Resources */,
				7B3C18F11B2684A5002F5C2F /* LaunchScreen.xib in Resources */,
				7B3C18EE1B2684A5002F5C2F /* Images.xcassets in Resources */,
			);
			runOnlyForDeploymentPostprocessing = 0;
		};
		7B3C18F41B2684A5002F5C2F /* Resources */ = {
			isa = PBXResourcesBuildPhase;
			buildActionMask = 2147483647;
			files = (
			);
			runOnlyForDeploymentPostprocessing = 0;
		};
/* End PBXResourcesBuildPhase section */

/* Begin PBXSourcesBuildPhase section */
		7B3C18D91B2684A5002F5C2F /* Sources */ = {
			isa = PBXSourcesBuildPhase;
			buildActionMask = 2147483647;
			files = (
				7B3C19081B268591002F5C2F /* EOCPerson.m in Sources */,
				7B3C18E91B2684A5002F5C2F /* ViewController.m in Sources */,
				7B3C18E61B2684A5002F5C2F /* AppDelegate.m in Sources */,
				7B3C18E31B2684A5002F5C2F /* main.m in Sources */,
			);
			runOnlyForDeploymentPostprocessing = 0;
		};
		7B3C18F21B2684A5002F5C2F /* Sources */ = {
			isa = PBXSourcesBuildPhase;
			buildActionMask = 2147483647;
			files = (
				7B3C18FD1B2684A5002F5C2F /* Effective_Objective_C_2_0_Item_22Tests.m in Sources */,
			);
			runOnlyForDeploymentPostprocessing = 0;
		};
/* End PBXSourcesBuildPhase section */

/* Begin PBXTargetDependency section */
		7B3C18F81B2684A5002F5C2F /* PBXTargetDependency */ = {
			isa = PBXTargetDependency;
			target = 7B3C18DC1B2684A5002F5C2F /* Effective-Objective-C-2.0-Item 22 */;
			targetProxy = 7B3C18F71B2684A5002F5C2F /* PBXContainerItemProxy */;
		};
/* End PBXTargetDependency section */

/* Begin PBXVariantGroup section */
		7B3C18EA1B2684A5002F5C2F /* Main.storyboard */ = {
			isa = PBXVariantGroup;
			children = (
				7B3C18EB1B2684A5002F5C2F /* Base */,
			);
			name = Main.storyboard;
			sourceTree = "<group>";
		};
		7B3C18EF1B2684A5002F5C2F /* LaunchScreen.xib */ = {
			isa = PBXVariantGroup;
			children = (
				7B3C18F01B2684A5002F5C2F /* Base */,
			);
			name = LaunchScreen.xib;
			sourceTree = "<group>";
		};
/* End PBXVariantGroup section */

/* Begin XCBuildConfiguration section */
		7B3C18FE1B2684A5002F5C2F /* Debug */ = {
			isa = XCBuildConfiguration;
			buildSettings = {
				ALWAYS_SEARCH_USER_PATHS = NO;
				CLANG_CXX_LANGUAGE_STANDARD = "gnu++0x";
				CLANG_CXX_LIBRARY = "libc++";
				CLANG_ENABLE_MODULES = YES;
				CLANG_ENABLE_OBJC_ARC = YES;
				CLANG_WARN_BOOL_CONVERSION = YES;
				CLANG_WARN_CONSTANT_CONVERSION = YES;
				CLANG_WARN_DIRECT_OBJC_ISA_USAGE = YES_ERROR;
				CLANG_WARN_EMPTY_BODY = YES;
				CLANG_WARN_ENUM_CONVERSION = YES;
				CLANG_WARN_INT_CONVERSION = YES;
				CLANG_WARN_OBJC_ROOT_CLASS = YES_ERROR;
				CLANG_WARN_UNREACHABLE_CODE = YES;
				CLANG_WARN__DUPLICATE_METHOD_MATCH = YES;
				"CODE_SIGN_IDENTITY[sdk=iphoneos*]" = "iPhone Developer";
				COPY_PHASE_STRIP = NO;
				DEBUG_INFORMATION_FORMAT = "dwarf-with-dsym";
				ENABLE_STRICT_OBJC_MSGSEND = YES;
				GCC_C_LANGUAGE_STANDARD = gnu99;
				GCC_DYNAMIC_NO_PIC = NO;
				GCC_NO_COMMON_BLOCKS = YES;
				GCC_OPTIMIZATION_LEVEL = 0;
				GCC_PREPROCESSOR_DEFINITIONS = (
					"DEBUG=1",
					"$(inherited)",
				);
				GCC_SYMBOLS_PRIVATE_EXTERN = NO;
				GCC_WARN_64_TO_32_BIT_CONVERSION = YES;
				GCC_WARN_ABOUT_RETURN_TYPE = YES_ERROR;
				GCC_WARN_UNDECLARED_SELECTOR = YES;
				GCC_WARN_UNINITIALIZED_AUTOS = YES_AGGRESSIVE;
				GCC_WARN_UNUSED_FUNCTION = YES;
				GCC_WARN_UNUSED_VARIABLE = YES;
				IPHONEOS_DEPLOYMENT_TARGET = 8.3;
				MTL_ENABLE_DEBUG_INFO = YES;
				ONLY_ACTIVE_ARCH = YES;
				SDKROOT = iphoneos;
			};
			name = Debug;
		};
		7B3C18FF1B2684A5002F5C2F /* Release */ = {
			isa = XCBuildConfiguration;
			buildSettings = {
				ALWAYS_SEARCH_USER_PATHS = NO;
				CLANG_CXX_LANGUAGE_STANDARD = "gnu++0x";
				CLANG_CXX_LIBRARY = "libc++";
				CLANG_ENABLE_MODULES = YES;
				CLANG_ENABLE_OBJC_ARC = YES;
				CLANG_WARN_BOOL_CONVERSION = YES;
				CLANG_WARN_CONSTANT_CONVERSION = YES;
				CLANG_WARN_DIRECT_OBJC_ISA_USAGE = YES_ERROR;
				CLANG_WARN_EMPTY_BODY = YES;
				CLANG_WARN_ENUM_CONVERSION = YES;
				CLANG_WARN_INT_CONVERSION = YES;
				CLANG_WARN_OBJC_ROOT_CLASS = YES_ERROR;
				CLANG_WARN_UNREACHABLE_CODE = YES;
				CLANG_WARN__DUPLICATE_METHOD_MATCH = YES;
				"CODE_SIGN_IDENTITY[sdk=iphoneos*]" = "iPhone Developer";
				COPY_PHASE_STRIP = NO;
				DEBUG_INFORMATION_FORMAT = "dwarf-with-dsym";
				ENABLE_NS_ASSERTIONS = NO;
				ENABLE_STRICT_OBJC_MSGSEND = YES;
				GCC_C_LANGUAGE_STANDARD = gnu99;
				GCC_NO_COMMON_BLOCKS = YES;
				GCC_WARN_64_TO_32_BIT_CONVERSION = YES;
				GCC_WARN_ABOUT_RETURN_TYPE = YES_ERROR;
				GCC_WARN_UNDECLARED_SELECTOR = YES;
				GCC_WARN_UNINITIALIZED_AUTOS = YES_AGGRESSIVE;
				GCC_WARN_UNUSED_FUNCTION = YES;
				GCC_WARN_UNUSED_VARIABLE = YES;
				IPHONEOS_DEPLOYMENT_TARGET = 8.3;
				MTL_ENABLE_DEBUG_INFO = NO;
				SDKROOT = iphoneos;
				VALIDATE_PRODUCT = YES;
			};
			name = Release;
		};
		7B3C19011B2684A5002F5C2F /* Debug */ = {
			isa = XCBuildConfiguration;
			buildSettings = {
				ASSETCATALOG_COMPILER_APPICON_NAME = AppIcon;
				INFOPLIST_FILE = "Effective-Objective-C-2.0-Item 22/Info.plist";
				LD_RUNPATH_SEARCH_PATHS = "$(inherited) @executable_path/Frameworks";
				PRODUCT_NAME = "$(TARGET_NAME)";
			};
			name = Debug;
		};
		7B3C19021B2684A5002F5C2F /* Release */ = {
			isa = XCBuildConfiguration;
			buildSettings = {
				ASSETCATALOG_COMPILER_APPICON_NAME = AppIcon;
				INFOPLIST_FILE = "Effective-Objective-C-2.0-Item 22/Info.plist";
				LD_RUNPATH_SEARCH_PATHS = "$(inherited) @executable_path/Frameworks";
				PRODUCT_NAME = "$(TARGET_NAME)";
			};
			name = Release;
		};
		7B3C19041B2684A5002F5C2F /* Debug */ = {
			isa = XCBuildConfiguration;
			buildSettings = {
				BUNDLE_LOADER = "$(TEST_HOST)";
				FRAMEWORK_SEARCH_PATHS = (
					"$(SDKROOT)/Developer/Library/Frameworks",
					"$(inherited)",
				);
				GCC_PREPROCESSOR_DEFINITIONS = (
					"DEBUG=1",
					"$(inherited)",
				);
				INFOPLIST_FILE = "Effective-Objective-C-2.0-Item 22Tests/Info.plist";
				LD_RUNPATH_SEARCH_PATHS = "$(inherited) @executable_path/Frameworks @loader_path/Frameworks";
				PRODUCT_NAME = "$(TARGET_NAME)";
				TEST_HOST = "$(BUILT_PRODUCTS_DIR)/Effective-Objective-C-2.0-Item 22.app/Effective-Objective-C-2.0-Item 22";
			};
			name = Debug;
		};
		7B3C19051B2684A5002F5C2F /* Release */ = {
			isa = XCBuildConfiguration;
			buildSettings = {
				BUNDLE_LOADER = "$(TEST_HOST)";
				FRAMEWORK_SEARCH_PATHS = (
					"$(SDKROOT)/Developer/Library/Frameworks",
					"$(inherited)",
				);
				INFOPLIST_FILE = "Effective-Objective-C-2.0-Item 22Tests/Info.plist";
				LD_RUNPATH_SEARCH_PATHS = "$(inherited) @executable_path/Frameworks @loader_path/Frameworks";
				PRODUCT_NAME = "$(TARGET_NAME)";
				TEST_HOST = "$(BUILT_PRODUCTS_DIR)/Effective-Objective-C-2.0-Item 22.app/Effective-Objective-C-2.0-Item 22";
			};
			name = Release;
		};
/* End XCBuildConfiguration section */

/* Begin XCConfigurationList section */
		7B3C18D81B2684A5002F5C2F /* Build configuration list for PBXProject "Effective-Objective-C-2.0-Item 22" */ = {
			isa = XCConfigurationList;
			buildConfigurations = (
				7B3C18FE1B2684A5002F5C2F /* Debug */,
				7B3C18FF1B2684A5002F5C2F /* Release */,
			);
			defaultConfigurationIsVisible = 0;
			defaultConfigurationName = Release;
		};
		7B3C19001B2684A5002F5C2F /* Build configuration list for PBXNativeTarget "Effective-Objective-C-2.0-Item 22" */ = {
			isa = XCConfigurationList;
			buildConfigurations = (
				7B3C19011B2684A5002F5C2F /* Debug */,
				7B3C19021B2684A5002F5C2F /* Release */,
			);
			defaultConfigurationIsVisible = 0;
		};
		7B3C19031B2684A5002F5C2F /* Build configuration list for PBXNativeTarget "Effective-Objective-C-2.0-Item 22Tests" */ = {
			isa = XCConfigurationList;
			buildConfigurations = (
				7B3C19041B2684A5002F5C2F /* Debug */,
				7B3C19051B2684A5002F5C2F /* Release */,
			);
			defaultConfigurationIsVisible = 0;
		};
/* End XCConfigurationList section */
	};
	rootObject = 7B3C18D51B2684A5002F5C2F /* Project object */;
}
