// !$*UTF8*$!
{
	archiveVersion = 1;
	classes = {
	};
	objectVersion = 46;
	objects = {

/* Begin PBXBuildFile section */
		7B7AC0C11B29921D00D01CAB /* NSTimer+EOCBlocksSupport.m in Sources */ = {isa = PBXBuildFile; fileRef = 7B7AC0C01B29921D00D01CAB /* NSTimer+EOCBlocksSupport.m */; };
		7BE23BC41B29910300311315 /* main.m in Sources */ = {isa = PBXBuildFile; fileRef = 7BE23BC31B29910300311315 /* main.m */; };
		7BE23BC71B29910300311315 /* AppDelegate.m in Sources */ = {isa = PBXBuildFile; fileRef = 7BE23BC61B29910300311315 /* AppDelegate.m */; };
		7BE23BCA1B29910300311315 /* ViewController.m in Sources */ = {isa = PBXBuildFile; fileRef = 7BE23BC91B29910300311315 /* ViewController.m */; };
		7BE23BCD1B29910300311315 /* Main.storyboard in Resources */ = {isa = PBXBuildFile; fileRef = 7BE23BCB1B29910300311315 /* Main.storyboard */; };
		7BE23BCF1B29910300311315 /* Images.xcassets in Resources */ = {isa = PBXBuildFile; fileRef = 7BE23BCE1B29910300311315 /* Images.xcassets */; };
		7BE23BD21B29910300311315 /* LaunchScreen.xib in Resources */ = {isa = PBXBuildFile; fileRef = 7BE23BD01B29910300311315 /* LaunchScreen.xib */; };
		7BE23BDE1B29910300311315 /* Effective_Objective_C_2_0_Item_52Tests.m in Sources */ = {isa = PBXBuildFile; fileRef = 7BE23BDD1B29910300311315 /* Effective_Objective_C_2_0_Item_52Tests.m */; };
/* End PBXBuildFile section */

/* Begin PBXContainerItemProxy section */
		7BE23BD81B29910300311315 /* PBXContainerItemProxy */ = {
			isa = PBXContainerItemProxy;
			containerPortal = 7BE23BB61B29910300311315 /* Project object */;
			proxyType = 1;
			remoteGlobalIDString = 7BE23BBD1B29910300311315;
			remoteInfo = "Effective-Objective-C-2.0-Item 52";
		};
/* End PBXContainerItemProxy section */

/* Begin PBXFileReference section */
		7B7AC0BF1B29921D00D01CAB /* NSTimer+EOCBlocksSupport.h */ = {isa = PBXFileReference; fileEncoding = 4; lastKnownFileType = sourcecode.c.h; path = "NSTimer+EOCBlocksSupport.h"; sourceTree = "<group>"; };
		7B7AC0C01B29921D00D01CAB /* NSTimer+EOCBlocksSupport.m */ = {isa = PBXFileReference; fileEncoding = 4; lastKnownFileType = sourcecode.c.objc; path = "NSTimer+EOCBlocksSupport.m"; sourceTree = "<group>"; };
		7BE23BBE1B29910300311315 /* Effective-Objective-C-2.0-Item 52.app */ = {isa = PBXFileReference; explicitFileType = wrapper.application; includeInIndex = 0; path = "Effective-Objective-C-2.0-Item 52.app"; sourceTree = BUILT_PRODUCTS_DIR; };
		7BE23BC21B29910300311315 /* Info.plist */ = {isa = PBXFileReference; lastKnownFileType = text.plist.xml; path = Info.plist; sourceTree = "<group>"; };
		7BE23BC31B29910300311315 /* main.m */ = {isa = PBXFileReference; lastKnownFileType = sourcecode.c.objc; path = main.m; sourceTree = "<group>"; };
		7BE23BC51B29910300311315 /* AppDelegate.h */ = {isa = PBXFileReference; lastKnownFileType = sourcecode.c.h; path = AppDelegate.h; sourceTree = "<group>"; };
		7BE23BC61B29910300311315 /* AppDelegate.m */ = {isa = PBXFileReference; lastKnownFileType = sourcecode.c.objc; path = AppDelegate.m; sourceTree = "<group>"; };
		7BE23BC81B29910300311315 /* ViewController.h */ = {isa = PBXFileReference; lastKnownFileType = sourcecode.c.h; path = ViewController.h; sourceTree = "<group>"; };
		7BE23BC91B29910300311315 /* ViewController.m */ = {isa = PBXFileReference; lastKnownFileType = sourcecode.c.objc; path = ViewController.m; sourceTree = "<group>"; };
		7BE23BCC1B29910300311315 /* Base */ = {isa = PBXFileReference; lastKnownFileType = file.storyboard; name = Base; path = Base.lproj/Main.storyboard; sourceTree = "<group>"; };
		7BE23BCE1B29910300311315 /* Images.xcassets */ = {isa = PBXFileReference; lastKnownFileType = folder.assetcatalog; path = Images.xcassets; sourceTree = "<group>"; };
		7BE23BD11B29910300311315 /* Base */ = {isa = PBXFileReference; lastKnownFileType = file.xib; name = Base; path = Base.lproj/LaunchScreen.xib; sourceTree = "<group>"; };
		7BE23BD71B29910300311315 /* Effective-Objective-C-2.0-Item 52Tests.xctest */ = {isa = PBXFileReference; explicitFileType = wrapper.cfbundle; includeInIndex = 0; path = "Effective-Objective-C-2.0-Item 52Tests.xctest"; sourceTree = BUILT_PRODUCTS_DIR; };
		7BE23BDC1B29910300311315 /* Info.plist */ = {isa = PBXFileReference; lastKnownFileType = text.plist.xml; path = Info.plist; sourceTree = "<group>"; };
		7BE23BDD1B29910300311315 /* Effective_Objective_C_2_0_Item_52Tests.m */ = {isa = PBXFileReference; lastKnownFileType = sourcecode.c.objc; path = Effective_Objective_C_2_0_Item_52Tests.m; sourceTree = "<group>"; };
/* End PBXFileReference section */

/* Begin PBXFrameworksBuildPhase section */
		7BE23BBB1B29910300311315 /* Frameworks */ = {
			isa = PBXFrameworksBuildPhase;
			buildActionMask = 2147483647;
			files = (
			);
			runOnlyForDeploymentPostprocessing = 0;
		};
		7BE23BD41B29910300311315 /* Frameworks */ = {
			isa = PBXFrameworksBuildPhase;
			buildActionMask = 2147483647;
			files = (
			);
			runOnlyForDeploymentPostprocessing = 0;
		};
/* End PBXFrameworksBuildPhase section */

/* Begin PBXGroup section */
		7BE23BB51B29910300311315 = {
			isa = PBXGroup;
			children = (
				7BE23BC01B29910300311315 /* Effective-Objective-C-2.0-Item 52 */,
				7BE23BDA1B29910300311315 /* Effective-Objective-C-2.0-Item 52Tests */,
				7BE23BBF1B29910300311315 /* Products */,
			);
			sourceTree = "<group>";
		};
		7BE23BBF1B29910300311315 /* Products */ = {
			isa = PBXGroup;
			children = (
				7BE23BBE1B29910300311315 /* Effective-Objective-C-2.0-Item 52.app */,
				7BE23BD71B29910300311315 /* Effective-Objective-C-2.0-Item 52Tests.xctest */,
			);
			name = Products;
			sourceTree = "<group>";
		};
		7BE23BC01B29910300311315 /* Effective-Objective-C-2.0-Item 52 */ = {
			isa = PBXGroup;
			children = (
				7B7AC0BF1B29921D00D01CAB /* NSTimer+EOCBlocksSupport.h */,
				7B7AC0C01B29921D00D01CAB /* NSTimer+EOCBlocksSupport.m */,
				7BE23BC51B29910300311315 /* AppDelegate.h */,
				7BE23BC61B29910300311315 /* AppDelegate.m */,
				7BE23BC81B29910300311315 /* ViewController.h */,
				7BE23BC91B29910300311315 /* ViewController.m */,
				7BE23BCB1B29910300311315 /* Main.storyboard */,
				7BE23BCE1B29910300311315 /* Images.xcassets */,
				7BE23BD01B29910300311315 /* LaunchScreen.xib */,
				7BE23BC11B29910300311315 /* Supporting Files */,
			);
			path = "Effective-Objective-C-2.0-Item 52";
			sourceTree = "<group>";
		};
		7BE23BC11B29910300311315 /* Supporting Files */ = {
			isa = PBXGroup;
			children = (
				7BE23BC21B29910300311315 /* Info.plist */,
				7BE23BC31B29910300311315 /* main.m */,
			);
			name = "Supporting Files";
			sourceTree = "<group>";
		};
		7BE23BDA1B29910300311315 /* Effective-Objective-C-2.0-Item 52Tests */ = {
			isa = PBXGroup;
			children = (
				7BE23BDD1B29910300311315 /* Effective_Objective_C_2_0_Item_52Tests.m */,
				7BE23BDB1B29910300311315 /* Supporting Files */,
			);
			path = "Effective-Objective-C-2.0-Item 52Tests";
			sourceTree = "<group>";
		};
		7BE23BDB1B29910300311315 /* Supporting Files */ = {
			isa = PBXGroup;
			children = (
				7BE23BDC1B29910300311315 /* Info.plist */,
			);
			name = "Supporting Files";
			sourceTree = "<group>";
		};
/* End PBXGroup section */

/* Begin PBXNativeTarget section */
		7BE23BBD1B29910300311315 /* Effective-Objective-C-2.0-Item 52 */ = {
			isa = PBXNativeTarget;
			buildConfigurationList = 7BE23BE11B29910300311315 /* Build configuration list for PBXNativeTarget "Effective-Objective-C-2.0-Item 52" */;
			buildPhases = (
				7BE23BBA1B29910300311315 /* Sources */,
				7BE23BBB1B29910300311315 /* Frameworks */,
				7BE23BBC1B29910300311315 /* Resources */,
			);
			buildRules = (
			);
			dependencies = (
			);
			name = "Effective-Objective-C-2.0-Item 52";
			productName = "Effective-Objective-C-2.0-Item 52";
			productReference = 7BE23BBE1B29910300311315 /* Effective-Objective-C-2.0-Item 52.app */;
			productType = "com.apple.product-type.application";
		};
		7BE23BD61B29910300311315 /* Effective-Objective-C-2.0-Item 52Tests */ = {
			isa = PBXNativeTarget;
			buildConfigurationList = 7BE23BE41B29910300311315 /* Build configuration list for PBXNativeTarget "Effective-Objective-C-2.0-Item 52Tests" */;
			buildPhases = (
				7BE23BD31B29910300311315 /* Sources */,
				7BE23BD41B29910300311315 /* Frameworks */,
				7BE23BD51B29910300311315 /* Resources */,
			);
			buildRules = (
			);
			dependencies = (
				7BE23BD91B29910300311315 /* PBXTargetDependency */,
			);
			name = "Effective-Objective-C-2.0-Item 52Tests";
			productName = "Effective-Objective-C-2.0-Item 52Tests";
			productReference = 7BE23BD71B29910300311315 /* Effective-Objective-C-2.0-Item 52Tests.xctest */;
			productType = "com.apple.product-type.bundle.unit-test";
		};
/* End PBXNativeTarget section */

/* Begin PBXProject section */
		7BE23BB61B29910300311315 /* Project object */ = {
			isa = PBXProject;
			attributes = {
				LastUpgradeCheck = 0640;
				ORGANIZATIONNAME = "黄成都";
				TargetAttributes = {
					7BE23BBD1B29910300311315 = {
						CreatedOnToolsVersion = 6.4;
					};
					7BE23BD61B29910300311315 = {
						CreatedOnToolsVersion = 6.4;
						TestTargetID = 7BE23BBD1B29910300311315;
					};
				};
			};
			buildConfigurationList = 7BE23BB91B29910300311315 /* Build configuration list for PBXProject "Effective-Objective-C-2.0-Item 52" */;
			compatibilityVersion = "Xcode 3.2";
			developmentRegion = English;
			hasScannedForEncodings = 0;
			knownRegions = (
				en,
				Base,
			);
			mainGroup = 7BE23BB51B29910300311315;
			productRefGroup = 7BE23BBF1B29910300311315 /* Products */;
			projectDirPath = "";
			projectRoot = "";
			targets = (
				7BE23BBD1B29910300311315 /* Effective-Objective-C-2.0-Item 52 */,
				7BE23BD61B29910300311315 /* Effective-Objective-C-2.0-Item 52Tests */,
			);
		};
/* End PBXProject section */

/* Begin PBXResourcesBuildPhase section */
		7BE23BBC1B29910300311315 /* Resources */ = {
			isa = PBXResourcesBuildPhase;
			buildActionMask = 2147483647;
			files = (
				7BE23BCD1B29910300311315 /* Main.storyboard in Resources */,
				7BE23BD21B29910300311315 /* LaunchScreen.xib in Resources */,
				7BE23BCF1B29910300311315 /* Images.xcassets in Resources */,
			);
			runOnlyForDeploymentPostprocessing = 0;
		};
		7BE23BD51B29910300311315 /* Resources */ = {
			isa = PBXResourcesBuildPhase;
			buildActionMask = 2147483647;
			files = (
			);
			runOnlyForDeploymentPostprocessing = 0;
		};
/* End PBXResourcesBuildPhase section */

/* Begin PBXSourcesBuildPhase section */
		7BE23BBA1B29910300311315 /* Sources */ = {
			isa = PBXSourcesBuildPhase;
			buildActionMask = 2147483647;
			files = (
				7B7AC0C11B29921D00D01CAB /* NSTimer+EOCBlocksSupport.m in Sources */,
				7BE23BCA1B29910300311315 /* ViewController.m in Sources */,
				7BE23BC71B29910300311315 /* AppDelegate.m in Sources */,
				7BE23BC41B29910300311315 /* main.m in Sources */,
			);
			runOnlyForDeploymentPostprocessing = 0;
		};
		7BE23BD31B29910300311315 /* Sources */ = {
			isa = PBXSourcesBuildPhase;
			buildActionMask = 2147483647;
			files = (
				7BE23BDE1B29910300311315 /* Effective_Objective_C_2_0_Item_52Tests.m in Sources */,
			);
			runOnlyForDeploymentPostprocessing = 0;
		};
/* End PBXSourcesBuildPhase section */

/* Begin PBXTargetDependency section */
		7BE23BD91B29910300311315 /* PBXTargetDependency */ = {
			isa = PBXTargetDependency;
			target = 7BE23BBD1B29910300311315 /* Effective-Objective-C-2.0-Item 52 */;
			targetProxy = 7BE23BD81B29910300311315 /* PBXContainerItemProxy */;
		};
/* End PBXTargetDependency section */

/* Begin PBXVariantGroup section */
		7BE23BCB1B29910300311315 /* Main.storyboard */ = {
			isa = PBXVariantGroup;
			children = (
				7BE23BCC1B29910300311315 /* Base */,
			);
			name = Main.storyboard;
			sourceTree = "<group>";
		};
		7BE23BD01B29910300311315 /* LaunchScreen.xib */ = {
			isa = PBXVariantGroup;
			children = (
				7BE23BD11B29910300311315 /* Base */,
			);
			name = LaunchScreen.xib;
			sourceTree = "<group>";
		};
/* End PBXVariantGroup section */

/* Begin XCBuildConfiguration section */
		7BE23BDF1B29910300311315 /* Debug */ = {
			isa = XCBuildConfiguration;
			buildSettings = {
				ALWAYS_SEARCH_USER_PATHS = NO;
				CLANG_CXX_LANGUAGE_STANDARD = "gnu++0x";
				CLANG_CXX_LIBRARY = "libc++";
				CLANG_ENABLE_MODULES = YES;
				CLANG_ENABLE_OBJC_ARC = YES;
				CLANG_WARN_BOOL_CONVERSION = YES;
				CLANG_WARN_CONSTANT_CONVERSION = YES;
				CLANG_WARN_DIRECT_OBJC_ISA_USAGE = YES_ERROR;
				CLANG_WARN_EMPTY_BODY = YES;
				CLANG_WARN_ENUM_CONVERSION = YES;
				CLANG_WARN_INT_CONVERSION = YES;
				CLANG_WARN_OBJC_ROOT_CLASS = YES_ERROR;
				CLANG_WARN_UNREACHABLE_CODE = YES;
				CLANG_WARN__DUPLICATE_METHOD_MATCH = YES;
				"CODE_SIGN_IDENTITY[sdk=iphoneos*]" = "iPhone Developer";
				COPY_PHASE_STRIP = NO;
				DEBUG_INFORMATION_FORMAT = "dwarf-with-dsym";
				ENABLE_STRICT_OBJC_MSGSEND = YES;
				GCC_C_LANGUAGE_STANDARD = gnu99;
				GCC_DYNAMIC_NO_PIC = NO;
				GCC_NO_COMMON_BLOCKS = YES;
				GCC_OPTIMIZATION_LEVEL = 0;
				GCC_PREPROCESSOR_DEFINITIONS = (
					"DEBUG=1",
					"$(inherited)",
				);
				GCC_SYMBOLS_PRIVATE_EXTERN = NO;
				GCC_WARN_64_TO_32_BIT_CONVERSION = YES;
				GCC_WARN_ABOUT_RETURN_TYPE = YES_ERROR;
				GCC_WARN_UNDECLARED_SELECTOR = YES;
				GCC_WARN_UNINITIALIZED_AUTOS = YES_AGGRESSIVE;
				GCC_WARN_UNUSED_FUNCTION = YES;
				GCC_WARN_UNUSED_VARIABLE = YES;
				IPHONEOS_DEPLOYMENT_TARGET = 8.4;
				MTL_ENABLE_DEBUG_INFO = YES;
				ONLY_ACTIVE_ARCH = YES;
				SDKROOT = iphoneos;
			};
			name = Debug;
		};
		7BE23BE01B29910300311315 /* Release */ = {
			isa = XCBuildConfiguration;
			buildSettings = {
				ALWAYS_SEARCH_USER_PATHS = NO;
				CLANG_CXX_LANGUAGE_STANDARD = "gnu++0x";
				CLANG_CXX_LIBRARY = "libc++";
				CLANG_ENABLE_MODULES = YES;
				CLANG_ENABLE_OBJC_ARC = YES;
				CLANG_WARN_BOOL_CONVERSION = YES;
				CLANG_WARN_CONSTANT_CONVERSION = YES;
				CLANG_WARN_DIRECT_OBJC_ISA_USAGE = YES_ERROR;
				CLANG_WARN_EMPTY_BODY = YES;
				CLANG_WARN_ENUM_CONVERSION = YES;
				CLANG_WARN_INT_CONVERSION = YES;
				CLANG_WARN_OBJC_ROOT_CLASS = YES_ERROR;
				CLANG_WARN_UNREACHABLE_CODE = YES;
				CLANG_WARN__DUPLICATE_METHOD_MATCH = YES;
				"CODE_SIGN_IDENTITY[sdk=iphoneos*]" = "iPhone Developer";
				COPY_PHASE_STRIP = NO;
				DEBUG_INFORMATION_FORMAT = "dwarf-with-dsym";
				ENABLE_NS_ASSERTIONS = NO;
				ENABLE_STRICT_OBJC_MSGSEND = YES;
				GCC_C_LANGUAGE_STANDARD = gnu99;
				GCC_NO_COMMON_BLOCKS = YES;
				GCC_WARN_64_TO_32_BIT_CONVERSION = YES;
				GCC_WARN_ABOUT_RETURN_TYPE = YES_ERROR;
				GCC_WARN_UNDECLARED_SELECTOR = YES;
				GCC_WARN_UNINITIALIZED_AUTOS = YES_AGGRESSIVE;
				GCC_WARN_UNUSED_FUNCTION = YES;
				GCC_WARN_UNUSED_VARIABLE = YES;
				IPHONEOS_DEPLOYMENT_TARGET = 8.4;
				MTL_ENABLE_DEBUG_INFO = NO;
				SDKROOT = iphoneos;
				VALIDATE_PRODUCT = YES;
			};
			name = Release;
		};
		7BE23BE21B29910300311315 /* Debug */ = {
			isa = XCBuildConfiguration;
			buildSettings = {
				ASSETCATALOG_COMPILER_APPICON_NAME = AppIcon;
				INFOPLIST_FILE = "Effective-Objective-C-2.0-Item 52/Info.plist";
				LD_RUNPATH_SEARCH_PATHS = "$(inherited) @executable_path/Frameworks";
				PRODUCT_NAME = "$(TARGET_NAME)";
			};
			name = Debug;
		};
		7BE23BE31B29910300311315 /* Release */ = {
			isa = XCBuildConfiguration;
			buildSettings = {
				ASSETCATALOG_COMPILER_APPICON_NAME = AppIcon;
				INFOPLIST_FILE = "Effective-Objective-C-2.0-Item 52/Info.plist";
				LD_RUNPATH_SEARCH_PATHS = "$(inherited) @executable_path/Frameworks";
				PRODUCT_NAME = "$(TARGET_NAME)";
			};
			name = Release;
		};
		7BE23BE51B29910300311315 /* Debug */ = {
			isa = XCBuildConfiguration;
			buildSettings = {
				BUNDLE_LOADER = "$(TEST_HOST)";
				FRAMEWORK_SEARCH_PATHS = (
					"$(SDKROOT)/Developer/Library/Frameworks",
					"$(inherited)",
				);
				GCC_PREPROCESSOR_DEFINITIONS = (
					"DEBUG=1",
					"$(inherited)",
				);
				INFOPLIST_FILE = "Effective-Objective-C-2.0-Item 52Tests/Info.plist";
				LD_RUNPATH_SEARCH_PATHS = "$(inherited) @executable_path/Frameworks @loader_path/Frameworks";
				PRODUCT_NAME = "$(TARGET_NAME)";
				TEST_HOST = "$(BUILT_PRODUCTS_DIR)/Effective-Objective-C-2.0-Item 52.app/Effective-Objective-C-2.0-Item 52";
			};
			name = Debug;
		};
		7BE23BE61B29910300311315 /* Release */ = {
			isa = XCBuildConfiguration;
			buildSettings = {
				BUNDLE_LOADER = "$(TEST_HOST)";
				FRAMEWORK_SEARCH_PATHS = (
					"$(SDKROOT)/Developer/Library/Frameworks",
					"$(inherited)",
				);
				INFOPLIST_FILE = "Effective-Objective-C-2.0-Item 52Tests/Info.plist";
				LD_RUNPATH_SEARCH_PATHS = "$(inherited) @executable_path/Frameworks @loader_path/Frameworks";
				PRODUCT_NAME = "$(TARGET_NAME)";
				TEST_HOST = "$(BUILT_PRODUCTS_DIR)/Effective-Objective-C-2.0-Item 52.app/Effective-Objective-C-2.0-Item 52";
			};
			name = Release;
		};
/* End XCBuildConfiguration section */

/* Begin XCConfigurationList section */
		7BE23BB91B29910300311315 /* Build configuration list for PBXProject "Effective-Objective-C-2.0-Item 52" */ = {
			isa = XCConfigurationList;
			buildConfigurations = (
				7BE23BDF1B29910300311315 /* Debug */,
				7BE23BE01B29910300311315 /* Release */,
			);
			defaultConfigurationIsVisible = 0;
			defaultConfigurationName = Release;
		};
		7BE23BE11B29910300311315 /* Build configuration list for PBXNativeTarget "Effective-Objective-C-2.0-Item 52" */ = {
			isa = XCConfigurationList;
			buildConfigurations = (
				7BE23BE21B29910300311315 /* Debug */,
				7BE23BE31B29910300311315 /* Release */,
			);
			defaultConfigurationIsVisible = 0;
			defaultConfigurationName = Release;
		};
		7BE23BE41B29910300311315 /* Build configuration list for PBXNativeTarget "Effective-Objective-C-2.0-Item 52Tests" */ = {
			isa = XCConfigurationList;
			buildConfigurations = (
				7BE23BE51B29910300311315 /* Debug */,
				7BE23BE61B29910300311315 /* Release */,
			);
			defaultConfigurationIsVisible = 0;
			defaultConfigurationName = Release;
		};
/* End XCConfigurationList section */
	};
	rootObject = 7BE23BB61B29910300311315 /* Project object */;
}
